// !$*UTF8*$!
{
	archiveVersion = 1;
	classes = {
	};
	objectVersion = 56;
	objects = {

/* Begin PBXBuildFile section */
		49A824352A272522008C38C2 /* AppDelegate.swift in Sources */ = {isa = PBXBuildFile; fileRef = 49A824342A272522008C38C2 /* AppDelegate.swift */; };
		49A824372A272522008C38C2 /* SceneDelegate.swift in Sources */ = {isa = PBXBuildFile; fileRef = 49A824362A272522008C38C2 /* SceneDelegate.swift */; };
		49A824392A272522008C38C2 /* ViewController.swift in Sources */ = {isa = PBXBuildFile; fileRef = 49A824382A272522008C38C2 /* ViewController.swift */; };
		49A8243C2A272522008C38C2 /* Main.storyboard in Resources */ = {isa = PBXBuildFile; fileRef = 49A8243A2A272522008C38C2 /* Main.storyboard */; };
		49A8243E2A272523008C38C2 /* Assets.xcassets in Resources */ = {isa = PBXBuildFile; fileRef = 49A8243D2A272523008C38C2 /* Assets.xcassets */; };
		49A824412A272523008C38C2 /* LaunchScreen.storyboard in Resources */ = {isa = PBXBuildFile; fileRef = 49A8243F2A272523008C38C2 /* LaunchScreen.storyboard */; };
		49A824492A2764FF008C38C2 /* shake.mp3 in Resources */ = {isa = PBXBuildFile; fileRef = 49A824482A2764FF008C38C2 /* shake.mp3 */; };
		81C05EA279D00FC50216B1EF /* Pods_Buttons.framework in Frameworks */ = {isa = PBXBuildFile; fileRef = 4E74788B88C54D86D0103C07 /* Pods_Buttons.framework */; };
/* End PBXBuildFile section */

/* Begin PBXFileReference section */
		3BCC0EA2DB8F79304C667B8C /* Pods-Buttons.debug.xcconfig */ = {isa = PBXFileReference; includeInIndex = 1; lastKnownFileType = text.xcconfig; name = "Pods-Buttons.debug.xcconfig"; path = "Target Support Files/Pods-Buttons/Pods-Buttons.debug.xcconfig"; sourceTree = "<group>"; };
		49A824312A272522008C38C2 /* Buttons.app */ = {isa = PBXFileReference; explicitFileType = wrapper.application; includeInIndex = 0; path = Buttons.app; sourceTree = BUILT_PRODUCTS_DIR; };
		49A824342A272522008C38C2 /* AppDelegate.swift */ = {isa = PBXFileReference; lastKnownFileType = sourcecode.swift; path = AppDelegate.swift; sourceTree = "<group>"; };
		49A824362A272522008C38C2 /* SceneDelegate.swift */ = {isa = PBXFileReference; lastKnownFileType = sourcecode.swift; path = SceneDelegate.swift; sourceTree = "<group>"; };
		49A824382A272522008C38C2 /* ViewController.swift */ = {isa = PBXFileReference; lastKnownFileType = sourcecode.swift; path = ViewController.swift; sourceTree = "<group>"; };
		49A8243B2A272522008C38C2 /* Base */ = {isa = PBXFileReference; lastKnownFileType = file.storyboard; name = Base; path = Base.lproj/Main.storyboard; sourceTree = "<group>"; };
		49A8243D2A272523008C38C2 /* Assets.xcassets */ = {isa = PBXFileReference; lastKnownFileType = folder.assetcatalog; path = Assets.xcassets; sourceTree = "<group>"; };
		49A824402A272523008C38C2 /* Base */ = {isa = PBXFileReference; lastKnownFileType = file.storyboard; name = Base; path = Base.lproj/LaunchScreen.storyboard; sourceTree = "<group>"; };
		49A824422A272523008C38C2 /* Info.plist */ = {isa = PBXFileReference; lastKnownFileType = text.plist.xml; path = Info.plist; sourceTree = "<group>"; };
		49A824482A2764FF008C38C2 /* shake.mp3 */ = {isa = PBXFileReference; lastKnownFileType = audio.mp3; path = shake.mp3; sourceTree = "<group>"; };
		4E74788B88C54D86D0103C07 /* Pods_Buttons.framework */ = {isa = PBXFileReference; explicitFileType = wrapper.framework; includeInIndex = 0; path = Pods_Buttons.framework; sourceTree = BUILT_PRODUCTS_DIR; };
		79E8CAB4294D82530AED0802 /* Pods-Buttons.release.xcconfig */ = {isa = PBXFileReference; includeInIndex = 1; lastKnownFileType = text.xcconfig; name = "Pods-Buttons.release.xcconfig"; path = "Target Support Files/Pods-Buttons/Pods-Buttons.release.xcconfig"; sourceTree = "<group>"; };
/* End PBXFileReference section */

/* Begin PBXFrameworksBuildPhase section */
		49A8242E2A272522008C38C2 /* Frameworks */ = {
			isa = PBXFrameworksBuildPhase;
			buildActionMask = 2147483647;
			files = (
				81C05EA279D00FC50216B1EF /* Pods_Buttons.framework in Frameworks */,
			);
			runOnlyForDeploymentPostprocessing = 0;
		};
/* End PBXFrameworksBuildPhase section */

/* Begin PBXGroup section */
		49A824282A272522008C38C2 = {
			isa = PBXGroup;
			children = (
				49A824332A272522008C38C2 /* Buttons */,
				49A824322A272522008C38C2 /* Products */,
				EFEEF35CD0DF165D79BE23EE /* Pods */,
				EEDC166040CF97162B7BCB20 /* Frameworks */,
			);
			sourceTree = "<group>";
		};
		49A824322A272522008C38C2 /* Products */ = {
			isa = PBXGroup;
			children = (
				49A824312A272522008C38C2 /* Buttons.app */,
			);
			name = Products;
			sourceTree = "<group>";
		};
		49A824332A272522008C38C2 /* Buttons */ = {
			isa = PBXGroup;
			children = (
				49A824342A272522008C38C2 /* AppDelegate.swift */,
				49A824362A272522008C38C2 /* SceneDelegate.swift */,
				49A824382A272522008C38C2 /* ViewController.swift */,
				49A8243A2A272522008C38C2 /* Main.storyboard */,
				49A8243D2A272523008C38C2 /* Assets.xcassets */,
				49A8243F2A272523008C38C2 /* LaunchScreen.storyboard */,
				49A824422A272523008C38C2 /* Info.plist */,
				49A824482A2764FF008C38C2 /* shake.mp3 */,
			);
			path = Buttons;
			sourceTree = "<group>";
		};
		EEDC166040CF97162B7BCB20 /* Frameworks */ = {
			isa = PBXGroup;
			children = (
				4E74788B88C54D86D0103C07 /* Pods_Buttons.framework */,
			);
			name = Frameworks;
			sourceTree = "<group>";
		};
		EFEEF35CD0DF165D79BE23EE /* Pods */ = {
			isa = PBXGroup;
			children = (
				3BCC0EA2DB8F79304C667B8C /* Pods-Buttons.debug.xcconfig */,
				79E8CAB4294D82530AED0802 /* Pods-Buttons.release.xcconfig */,
			);
			path = Pods;
			sourceTree = "<group>";
		};
/* End PBXGroup section */

/* Begin PBXNativeTarget section */
		49A824302A272522008C38C2 /* Buttons */ = {
			isa = PBXNativeTarget;
			buildConfigurationList = 49A824452A272523008C38C2 /* Build configuration list for PBXNativeTarget "Buttons" */;
			buildPhases = (
				BD22A1D462F15DDED6557AC4 /* [CP] Check Pods Manifest.lock */,
				49A8242D2A272522008C38C2 /* Sources */,
				49A8242E2A272522008C38C2 /* Frameworks */,
				49A8242F2A272522008C38C2 /* Resources */,
				5670EB006C8CD5A63F5A2800 /* [CP] Embed Pods Frameworks */,
			);
			buildRules = (
			);
			dependencies = (
			);
			name = Buttons;
			productName = Buttons;
			productReference = 49A824312A272522008C38C2 /* Buttons.app */;
			productType = "com.apple.product-type.application";
		};
/* End PBXNativeTarget section */

/* Begin PBXProject section */
		49A824292A272522008C38C2 /* Project object */ = {
			isa = PBXProject;
			attributes = {
				BuildIndependentTargetsInParallel = 1;
				LastSwiftUpdateCheck = 1430;
				LastUpgradeCheck = 1430;
				TargetAttributes = {
					49A824302A272522008C38C2 = {
						CreatedOnToolsVersion = 14.3;
					};
				};
			};
			buildConfigurationList = 49A8242C2A272522008C38C2 /* Build configuration list for PBXProject "Buttons" */;
			compatibilityVersion = "Xcode 14.0";
			developmentRegion = en;
			hasScannedForEncodings = 0;
			knownRegions = (
				en,
				Base,
			);
			mainGroup = 49A824282A272522008C38C2;
			productRefGroup = 49A824322A272522008C38C2 /* Products */;
			projectDirPath = "";
			projectRoot = "";
			targets = (
				49A824302A272522008C38C2 /* Buttons */,
			);
		};
/* End PBXProject section */

/* Begin PBXResourcesBuildPhase section */
		49A8242F2A272522008C38C2 /* Resources */ = {
			isa = PBXResourcesBuildPhase;
			buildActionMask = 2147483647;
			files = (
				49A824412A272523008C38C2 /* LaunchScreen.storyboard in Resources */,
				49A8243E2A272523008C38C2 /* Assets.xcassets in Resources */,
				49A8243C2A272522008C38C2 /* Main.storyboard in Resources */,
				49A824492A2764FF008C38C2 /* shake.mp3 in Resources */,
			);
			runOnlyForDeploymentPostprocessing = 0;
		};
/* End PBXResourcesBuildPhase section */

/* Begin PBXShellScriptBuildPhase section */
		5670EB006C8CD5A63F5A2800 /* [CP] Embed Pods Frameworks */ = {
			isa = PBXShellScriptBuildPhase;
			buildActionMask = 2147483647;
			files = (
			);
			inputFileListPaths = (
				"${PODS_ROOT}/Target Support Files/Pods-Buttons/Pods-Buttons-frameworks-${CONFIGURATION}-input-files.xcfilelist",
			);
			name = "[CP] Embed Pods Frameworks";
			outputFileListPaths = (
				"${PODS_ROOT}/Target Support Files/Pods-Buttons/Pods-Buttons-frameworks-${CONFIGURATION}-output-files.xcfilelist",
			);
			runOnlyForDeploymentPostprocessing = 0;
			shellPath = /bin/sh;
			shellScript = "\"${PODS_ROOT}/Target Support Files/Pods-Buttons/Pods-Buttons-frameworks.sh\"\n";
			showEnvVarsInLog = 0;
		};
		BD22A1D462F15DDED6557AC4 /* [CP] Check Pods Manifest.lock */ = {
			isa = PBXShellScriptBuildPhase;
			buildActionMask = 2147483647;
			files = (
			);
			inputFileListPaths = (
			);
			inputPaths = (
				"${PODS_PODFILE_DIR_PATH}/Podfile.lock",
				"${PODS_ROOT}/Manifest.lock",
			);
			name = "[CP] Check Pods Manifest.lock";
			outputFileListPaths = (
			);
			outputPaths = (
				"$(DERIVED_FILE_DIR)/Pods-Buttons-checkManifestLockResult.txt",
			);
			runOnlyForDeploymentPostprocessing = 0;
			shellPath = /bin/sh;
			shellScript = "diff \"${PODS_PODFILE_DIR_PATH}/Podfile.lock\" \"${PODS_ROOT}/Manifest.lock\" > /dev/null\nif [ $? != 0 ] ; then\n    # print error to STDERR\n    echo \"error: The sandbox is not in sync with the Podfile.lock. Run 'pod install' or update your CocoaPods installation.\" >&2\n    exit 1\nfi\n# This output is used by Xcode 'outputs' to avoid re-running this script phase.\necho \"SUCCESS\" > \"${SCRIPT_OUTPUT_FILE_0}\"\n";
			showEnvVarsInLog = 0;
		};
/* End PBXShellScriptBuildPhase section */

/* Begin PBXSourcesBuildPhase section */
		49A8242D2A272522008C38C2 /* Sources */ = {
			isa = PBXSourcesBuildPhase;
			buildActionMask = 2147483647;
			files = (
				49A824392A272522008C38C2 /* ViewController.swift in Sources */,
				49A824352A272522008C38C2 /* AppDelegate.swift in Sources */,
				49A824372A272522008C38C2 /* SceneDelegate.swift in Sources */,
			);
			runOnlyForDeploymentPostprocessing = 0;
		};
/* End PBXSourcesBuildPhase section */

/* Begin PBXVariantGroup section */
		49A8243A2A272522008C38C2 /* Main.storyboard */ = {
			isa = PBXVariantGroup;
			children = (
				49A8243B2A272522008C38C2 /* Base */,
			);
			name = Main.storyboard;
			sourceTree = "<group>";
		};
		49A8243F2A272523008C38C2 /* LaunchScreen.storyboard */ = {
			isa = PBXVariantGroup;
			children = (
				49A824402A272523008C38C2 /* Base */,
			);
			name = LaunchScreen.storyboard;
			sourceTree = "<group>";
		};
/* End PBXVariantGroup section */

/* Begin XCBuildConfiguration section */
		49A824432A272523008C38C2 /* Debug */ = {
			isa = XCBuildConfiguration;
			buildSettings = {
				ALWAYS_SEARCH_USER_PATHS = NO;
				CLANG_ANALYZER_NONNULL = YES;
				CLANG_ANALYZER_NUMBER_OBJECT_CONVERSION = YES_AGGRESSIVE;
				CLANG_CXX_LANGUAGE_STANDARD = "gnu++20";
				CLANG_ENABLE_MODULES = YES;
				CLANG_ENABLE_OBJC_ARC = YES;
				CLANG_ENABLE_OBJC_WEAK = YES;
				CLANG_WARN_BLOCK_CAPTURE_AUTORELEASING = YES;
				CLANG_WARN_BOOL_CONVERSION = YES;
				CLANG_WARN_COMMA = YES;
				CLANG_WARN_CONSTANT_CONVERSION = YES;
				CLANG_WARN_DEPRECATED_OBJC_IMPLEMENTATIONS = YES;
				CLANG_WARN_DIRECT_OBJC_ISA_USAGE = YES_ERROR;
				CLANG_WARN_DOCUMENTATION_COMMENTS = YES;
				CLANG_WARN_EMPTY_BODY = YES;
				CLANG_WARN_ENUM_CONVERSION = YES;
				CLANG_WARN_INFINITE_RECURSION = YES;
				CLANG_WARN_INT_CONVERSION = YES;
				CLANG_WARN_NON_LITERAL_NULL_CONVERSION = YES;
				CLANG_WARN_OBJC_IMPLICIT_RETAIN_SELF = YES;
				CLANG_WARN_OBJC_LITERAL_CONVERSION = YES;
				CLANG_WARN_OBJC_ROOT_CLASS = YES_ERROR;
				CLANG_WARN_QUOTED_INCLUDE_IN_FRAMEWORK_HEADER = YES;
				CLANG_WARN_RANGE_LOOP_ANALYSIS = YES;
				CLANG_WARN_STRICT_PROTOTYPES = YES;
				CLANG_WARN_SUSPICIOUS_MOVE = YES;
				CLANG_WARN_UNGUARDED_AVAILABILITY = YES_AGGRESSIVE;
				CLANG_WARN_UNREACHABLE_CODE = YES;
				CLANG_WARN__DUPLICATE_METHOD_MATCH = YES;
				COPY_PHASE_STRIP = NO;
				DEBUG_INFORMATION_FORMAT = dwarf;
				ENABLE_STRICT_OBJC_MSGSEND = YES;
				ENABLE_TESTABILITY = YES;
				GCC_C_LANGUAGE_STANDARD = gnu11;
				GCC_DYNAMIC_NO_PIC = NO;
				GCC_NO_COMMON_BLOCKS = YES;
				GCC_OPTIMIZATION_LEVEL = 0;
				GCC_PREPROCESSOR_DEFINITIONS = (
					"DEBUG=1",
					"$(inherited)",
				);
				GCC_WARN_64_TO_32_BIT_CONVERSION = YES;
				GCC_WARN_ABOUT_RETURN_TYPE = YES_ERROR;
				GCC_WARN_UNDECLARED_SELECTOR = YES;
				GCC_WARN_UNINITIALIZED_AUTOS = YES_AGGRESSIVE;
				GCC_WARN_UNUSED_FUNCTION = YES;
				GCC_WARN_UNUSED_VARIABLE = YES;
				IPHONEOS_DEPLOYMENT_TARGET = 16.4;
				MTL_ENABLE_DEBUG_INFO = INCLUDE_SOURCE;
				MTL_FAST_MATH = YES;
				ONLY_ACTIVE_ARCH = YES;
				SDKROOT = iphoneos;
				SWIFT_ACTIVE_COMPILATION_CONDITIONS = DEBUG;
				SWIFT_OPTIMIZATION_LEVEL = "-Onone";
			};
			name = Debug;
		};
		49A824442A272523008C38C2 /* Release */ = {
			isa = XCBuildConfiguration;
			buildSettings = {
				ALWAYS_SEARCH_USER_PATHS = NO;
				CLANG_ANALYZER_NONNULL = YES;
				CLANG_ANALYZER_NUMBER_OBJECT_CONVERSION = YES_AGGRESSIVE;
				CLANG_CXX_LANGUAGE_STANDARD = "gnu++20";
				CLANG_ENABLE_MODULES = YES;
				CLANG_ENABLE_OBJC_ARC = YES;
				CLANG_ENABLE_OBJC_WEAK = YES;
				CLANG_WARN_BLOCK_CAPTURE_AUTORELEASING = YES;
				CLANG_WARN_BOOL_CONVERSION = YES;
				CLANG_WARN_COMMA = YES;
				CLANG_WARN_CONSTANT_CONVERSION = YES;
				CLANG_WARN_DEPRECATED_OBJC_IMPLEMENTATIONS = YES;
				CLANG_WARN_DIRECT_OBJC_ISA_USAGE = YES_ERROR;
				CLANG_WARN_DOCUMENTATION_COMMENTS = YES;
				CLANG_WARN_EMPTY_BODY = YES;
				CLANG_WARN_ENUM_CONVERSION = YES;
				CLANG_WARN_INFINITE_RECURSION = YES;
				CLANG_WARN_INT_CONVERSION = YES;
				CLANG_WARN_NON_LITERAL_NULL_CONVERSION = YES;
				CLANG_WARN_OBJC_IMPLICIT_RETAIN_SELF = YES;
				CLANG_WARN_OBJC_LITERAL_CONVERSION = YES;
				CLANG_WARN_OBJC_ROOT_CLASS = YES_ERROR;
				CLANG_WARN_QUOTED_INCLUDE_IN_FRAMEWORK_HEADER = YES;
				CLANG_WARN_RANGE_LOOP_ANALYSIS = YES;
				CLANG_WARN_STRICT_PROTOTYPES = YES;
				CLANG_WARN_SUSPICIOUS_MOVE = YES;
				CLANG_WARN_UNGUARDED_AVAILABILITY = YES_AGGRESSIVE;
				CLANG_WARN_UNREACHABLE_CODE = YES;
				CLANG_WARN__DUPLICATE_METHOD_MATCH = YES;
				COPY_PHASE_STRIP = NO;
				DEBUG_INFORMATION_FORMAT = "dwarf-with-dsym";
				ENABLE_NS_ASSERTIONS = NO;
				ENABLE_STRICT_OBJC_MSGSEND = YES;
				GCC_C_LANGUAGE_STANDARD = gnu11;
				GCC_NO_COMMON_BLOCKS = YES;
				GCC_WARN_64_TO_32_BIT_CONVERSION = YES;
				GCC_WARN_ABOUT_RETURN_TYPE = YES_ERROR;
				GCC_WARN_UNDECLARED_SELECTOR = YES;
				GCC_WARN_UNINITIALIZED_AUTOS = YES_AGGRESSIVE;
				GCC_WARN_UNUSED_FUNCTION = YES;
				GCC_WARN_UNUSED_VARIABLE = YES;
				IPHONEOS_DEPLOYMENT_TARGET = 16.4;
				MTL_ENABLE_DEBUG_INFO = NO;
				MTL_FAST_MATH = YES;
				SDKROOT = iphoneos;
				SWIFT_COMPILATION_MODE = wholemodule;
				SWIFT_OPTIMIZATION_LEVEL = "-O";
				VALIDATE_PRODUCT = YES;
			};
			name = Release;
		};
		49A824462A272523008C38C2 /* Debug */ = {
			isa = XCBuildConfiguration;
			baseConfigurationReference = 3BCC0EA2DB8F79304C667B8C /* Pods-Buttons.debug.xcconfig */;
			buildSettings = {
				ASSETCATALOG_COMPILER_APPICON_NAME = AppIcon;
				ASSETCATALOG_COMPILER_GLOBAL_ACCENT_COLOR_NAME = AccentColor;
				CODE_SIGN_STYLE = Automatic;
				CURRENT_PROJECT_VERSION = 1;
				DEVELOPMENT_TEAM = 2G8QN9SRVA;
				GENERATE_INFOPLIST_FILE = YES;
				INFOPLIST_FILE = Buttons/Info.plist;
				INFOPLIST_KEY_UIApplicationSupportsIndirectInputEvents = YES;
				INFOPLIST_KEY_UILaunchStoryboardName = LaunchScreen;
				INFOPLIST_KEY_UIMainStoryboardFile = Main;
				INFOPLIST_KEY_UISupportedInterfaceOrientations_iPad = "UIInterfaceOrientationPortrait UIInterfaceOrientationPortraitUpsideDown UIInterfaceOrientationLandscapeLeft UIInterfaceOrientationLandscapeRight";
				INFOPLIST_KEY_UISupportedInterfaceOrientations_iPhone = "UIInterfaceOrientationPortrait UIInterfaceOrientationLandscapeLeft UIInterfaceOrientationLandscapeRight";
				LD_RUNPATH_SEARCH_PATHS = (
					"$(inherited)",
					"@executable_path/Frameworks",
				);
				MARKETING_VERSION = 1.0;
				PRODUCT_BUNDLE_IDENTIFIER = com.berkaykuzu.Buttons;
				PRODUCT_NAME = "$(TARGET_NAME)";
				SWIFT_EMIT_LOC_STRINGS = YES;
				SWIFT_VERSION = 5.0;
				TARGETED_DEVICE_FAMILY = "1,2";
			};
			name = Debug;
		};
		49A824472A272523008C38C2 /* Release */ = {
			isa = XCBuildConfiguration;
			baseConfigurationReference = 79E8CAB4294D82530AED0802 /* Pods-Buttons.release.xcconfig */;
			buildSettings = {
				ASSETCATALOG_COMPILER_APPICON_NAME = AppIcon;
				ASSETCATALOG_COMPILER_GLOBAL_ACCENT_COLOR_NAME = AccentColor;
				CODE_SIGN_STYLE = Automatic;
				CURRENT_PROJECT_VERSION = 1;
				DEVELOPMENT_TEAM = 2G8QN9SRVA;
				GENERATE_INFOPLIST_FILE = YES;
				INFOPLIST_FILE = Buttons/Info.plist;
				INFOPLIST_KEY_UIApplicationSupportsIndirectInputEvents = YES;
				INFOPLIST_KEY_UILaunchStoryboardName = LaunchScreen;
				INFOPLIST_KEY_UIMainStoryboardFile = Main;
				INFOPLIST_KEY_UISupportedInterfaceOrientations_iPad = "UIInterfaceOrientationPortrait UIInterfaceOrientationPortraitUpsideDown UIInterfaceOrientationLandscapeLeft UIInterfaceOrientationLandscapeRight";
				INFOPLIST_KEY_UISupportedInterfaceOrientations_iPhone = "UIInterfaceOrientationPortrait UIInterfaceOrientationLandscapeLeft UIInterfaceOrientationLandscapeRight";
				LD_RUNPATH_SEARCH_PATHS = (
					"$(inherited)",
					"@executable_path/Frameworks",
				);
				MARKETING_VERSION = 1.0;
				PRODUCT_BUNDLE_IDENTIFIER = com.berkaykuzu.Buttons;
				PRODUCT_NAME = "$(TARGET_NAME)";
				SWIFT_EMIT_LOC_STRINGS = YES;
				SWIFT_VERSION = 5.0;
				TARGETED_DEVICE_FAMILY = "1,2";
			};
			name = Release;
		};
/* End XCBuildConfiguration section */

/* Begin XCConfigurationList section */
		49A8242C2A272522008C38C2 /* Build configuration list for PBXProject "Buttons" */ = {
			isa = XCConfigurationList;
			buildConfigurations = (
				49A824432A272523008C38C2 /* Debug */,
				49A824442A272523008C38C2 /* Release */,
			);
			defaultConfigurationIsVisible = 0;
			defaultConfigurationName = Release;
		};
		49A824452A272523008C38C2 /* Build configuration list for PBXNativeTarget "Buttons" */ = {
			isa = XCConfigurationList;
			buildConfigurations = (
				49A824462A272523008C38C2 /* Debug */,
				49A824472A272523008C38C2 /* Release */,
			);
			defaultConfigurationIsVisible = 0;
			defaultConfigurationName = Release;
		};
/* End XCConfigurationList section */
	};
	rootObject = 49A824292A272522008C38C2 /* Project object */;
}
