// !$*UTF8*$!
{
	archiveVersion = 1;
	classes = {
	};
	objectVersion = 56;
	objects = {

/* Begin PBXBuildFile section */
		498F30312A4AEA2900793F06 /* AppDelegate.swift in Sources */ = {isa = PBXBuildFile; fileRef = 498F30302A4AEA2900793F06 /* AppDelegate.swift */; };
		498F30332A4AEA2900793F06 /* SceneDelegate.swift in Sources */ = {isa = PBXBuildFile; fileRef = 498F30322A4AEA2900793F06 /* SceneDelegate.swift */; };
		498F30352A4AEA2900793F06 /* ViewController.swift in Sources */ = {isa = PBXBuildFile; fileRef = 498F30342A4AEA2900793F06 /* ViewController.swift */; };
		498F303B2A4AEA2900793F06 /* InfoAppCoreData.xcdatamodeld in Sources */ = {isa = PBXBuildFile; fileRef = 498F30392A4AEA2900793F06 /* InfoAppCoreData.xcdatamodeld */; };
		498F303D2A4AEA2A00793F06 /* Assets.xcassets in Resources */ = {isa = PBXBuildFile; fileRef = 498F303C2A4AEA2A00793F06 /* Assets.xcassets */; };
		498F30402A4AEA2A00793F06 /* LaunchScreen.storyboard in Resources */ = {isa = PBXBuildFile; fileRef = 498F303E2A4AEA2A00793F06 /* LaunchScreen.storyboard */; };
		498F30482A4AFC9500793F06 /* DetailViewController.swift in Sources */ = {isa = PBXBuildFile; fileRef = 498F30472A4AFC9500793F06 /* DetailViewController.swift */; };
		498F304B2A4AFD9900793F06 /* SnapKit in Frameworks */ = {isa = PBXBuildFile; productRef = 498F304A2A4AFD9900793F06 /* SnapKit */; };
		498F304E2A4AFF5C00793F06 /* InfoAppTableViewCell.swift in Sources */ = {isa = PBXBuildFile; fileRef = 498F304D2A4AFF5C00793F06 /* InfoAppTableViewCell.swift */; };
		498F30502A4B0C6A00793F06 /* InfoItem.swift in Sources */ = {isa = PBXBuildFile; fileRef = 498F304F2A4B0C6A00793F06 /* InfoItem.swift */; };
/* End PBXBuildFile section */

/* Begin PBXFileReference section */
		498F302D2A4AEA2900793F06 /* InfoAppCoreData.app */ = {isa = PBXFileReference; explicitFileType = wrapper.application; includeInIndex = 0; path = InfoAppCoreData.app; sourceTree = BUILT_PRODUCTS_DIR; };
		498F30302A4AEA2900793F06 /* AppDelegate.swift */ = {isa = PBXFileReference; lastKnownFileType = sourcecode.swift; path = AppDelegate.swift; sourceTree = "<group>"; };
		498F30322A4AEA2900793F06 /* SceneDelegate.swift */ = {isa = PBXFileReference; lastKnownFileType = sourcecode.swift; path = SceneDelegate.swift; sourceTree = "<group>"; };
		498F30342A4AEA2900793F06 /* ViewController.swift */ = {isa = PBXFileReference; lastKnownFileType = sourcecode.swift; path = ViewController.swift; sourceTree = "<group>"; };
		498F303A2A4AEA2900793F06 /* InfoAppCoreData.xcdatamodel */ = {isa = PBXFileReference; lastKnownFileType = wrapper.xcdatamodel; path = InfoAppCoreData.xcdatamodel; sourceTree = "<group>"; };
		498F303C2A4AEA2A00793F06 /* Assets.xcassets */ = {isa = PBXFileReference; lastKnownFileType = folder.assetcatalog; path = Assets.xcassets; sourceTree = "<group>"; };
		498F303F2A4AEA2A00793F06 /* Base */ = {isa = PBXFileReference; lastKnownFileType = file.storyboard; name = Base; path = Base.lproj/LaunchScreen.storyboard; sourceTree = "<group>"; };
		498F30412A4AEA2A00793F06 /* Info.plist */ = {isa = PBXFileReference; lastKnownFileType = text.plist.xml; path = Info.plist; sourceTree = "<group>"; };
		498F30472A4AFC9500793F06 /* DetailViewController.swift */ = {isa = PBXFileReference; lastKnownFileType = sourcecode.swift; path = DetailViewController.swift; sourceTree = "<group>"; };
		498F304D2A4AFF5C00793F06 /* InfoAppTableViewCell.swift */ = {isa = PBXFileReference; lastKnownFileType = sourcecode.swift; path = InfoAppTableViewCell.swift; sourceTree = "<group>"; };
		498F304F2A4B0C6A00793F06 /* InfoItem.swift */ = {isa = PBXFileReference; lastKnownFileType = sourcecode.swift; path = InfoItem.swift; sourceTree = "<group>"; };
/* End PBXFileReference section */

/* Begin PBXFrameworksBuildPhase section */
		498F302A2A4AEA2900793F06 /* Frameworks */ = {
			isa = PBXFrameworksBuildPhase;
			buildActionMask = 2147483647;
			files = (
				498F304B2A4AFD9900793F06 /* SnapKit in Frameworks */,
			);
			runOnlyForDeploymentPostprocessing = 0;
		};
/* End PBXFrameworksBuildPhase section */

/* Begin PBXGroup section */
		498F30242A4AEA2900793F06 = {
			isa = PBXGroup;
			children = (
				498F302F2A4AEA2900793F06 /* InfoAppCoreData */,
				498F302E2A4AEA2900793F06 /* Products */,
			);
			sourceTree = "<group>";
		};
		498F302E2A4AEA2900793F06 /* Products */ = {
			isa = PBXGroup;
			children = (
				498F302D2A4AEA2900793F06 /* InfoAppCoreData.app */,
			);
			name = Products;
			sourceTree = "<group>";
		};
		498F302F2A4AEA2900793F06 /* InfoAppCoreData */ = {
			isa = PBXGroup;
			children = (
				498F304C2A4AFF3F00793F06 /* InfoAppTableViewCell */,
				498F30302A4AEA2900793F06 /* AppDelegate.swift */,
				498F30322A4AEA2900793F06 /* SceneDelegate.swift */,
				498F30342A4AEA2900793F06 /* ViewController.swift */,
				498F30472A4AFC9500793F06 /* DetailViewController.swift */,
				498F303C2A4AEA2A00793F06 /* Assets.xcassets */,
				498F303E2A4AEA2A00793F06 /* LaunchScreen.storyboard */,
				498F30412A4AEA2A00793F06 /* Info.plist */,
				498F30392A4AEA2900793F06 /* InfoAppCoreData.xcdatamodeld */,
				498F304F2A4B0C6A00793F06 /* InfoItem.swift */,
			);
			path = InfoAppCoreData;
			sourceTree = "<group>";
		};
		498F304C2A4AFF3F00793F06 /* InfoAppTableViewCell */ = {
			isa = PBXGroup;
			children = (
				498F304D2A4AFF5C00793F06 /* InfoAppTableViewCell.swift */,
			);
			path = InfoAppTableViewCell;
			sourceTree = "<group>";
		};
/* End PBXGroup section */

/* Begin PBXNativeTarget section */
		498F302C2A4AEA2900793F06 /* InfoAppCoreData */ = {
			isa = PBXNativeTarget;
			buildConfigurationList = 498F30442A4AEA2A00793F06 /* Build configuration list for PBXNativeTarget "InfoAppCoreData" */;
			buildPhases = (
				498F30292A4AEA2900793F06 /* Sources */,
				498F302A2A4AEA2900793F06 /* Frameworks */,
				498F302B2A4AEA2900793F06 /* Resources */,
			);
			buildRules = (
			);
			dependencies = (
			);
			name = InfoAppCoreData;
			packageProductDependencies = (
				498F304A2A4AFD9900793F06 /* SnapKit */,
			);
			productName = InfoAppCoreData;
			productReference = 498F302D2A4AEA2900793F06 /* InfoAppCoreData.app */;
			productType = "com.apple.product-type.application";
		};
/* End PBXNativeTarget section */

/* Begin PBXProject section */
		498F30252A4AEA2900793F06 /* Project object */ = {
			isa = PBXProject;
			attributes = {
				BuildIndependentTargetsInParallel = 1;
				LastSwiftUpdateCheck = 1430;
				LastUpgradeCheck = 1430;
				TargetAttributes = {
					498F302C2A4AEA2900793F06 = {
						CreatedOnToolsVersion = 14.3.1;
					};
				};
			};
			buildConfigurationList = 498F30282A4AEA2900793F06 /* Build configuration list for PBXProject "InfoAppCoreData" */;
			compatibilityVersion = "Xcode 14.0";
			developmentRegion = en;
			hasScannedForEncodings = 0;
			knownRegions = (
				en,
				Base,
			);
			mainGroup = 498F30242A4AEA2900793F06;
			packageReferences = (
				498F30492A4AFD9900793F06 /* XCRemoteSwiftPackageReference "SnapKit" */,
			);
			productRefGroup = 498F302E2A4AEA2900793F06 /* Products */;
			projectDirPath = "";
			projectRoot = "";
			targets = (
				498F302C2A4AEA2900793F06 /* InfoAppCoreData */,
			);
		};
/* End PBXProject section */

/* Begin PBXResourcesBuildPhase section */
		498F302B2A4AEA2900793F06 /* Resources */ = {
			isa = PBXResourcesBuildPhase;
			buildActionMask = 2147483647;
			files = (
				498F30402A4AEA2A00793F06 /* LaunchScreen.storyboard in Resources */,
				498F303D2A4AEA2A00793F06 /* Assets.xcassets in Resources */,
			);
			runOnlyForDeploymentPostprocessing = 0;
		};
/* End PBXResourcesBuildPhase section */

/* Begin PBXSourcesBuildPhase section */
		498F30292A4AEA2900793F06 /* Sources */ = {
			isa = PBXSourcesBuildPhase;
			buildActionMask = 2147483647;
			files = (
				498F303B2A4AEA2900793F06 /* InfoAppCoreData.xcdatamodeld in Sources */,
				498F30352A4AEA2900793F06 /* ViewController.swift in Sources */,
				498F30312A4AEA2900793F06 /* AppDelegate.swift in Sources */,
				498F304E2A4AFF5C00793F06 /* InfoAppTableViewCell.swift in Sources */,
				498F30502A4B0C6A00793F06 /* InfoItem.swift in Sources */,
				498F30482A4AFC9500793F06 /* DetailViewController.swift in Sources */,
				498F30332A4AEA2900793F06 /* SceneDelegate.swift in Sources */,
			);
			runOnlyForDeploymentPostprocessing = 0;
		};
/* End PBXSourcesBuildPhase section */

/* Begin PBXVariantGroup section */
		498F303E2A4AEA2A00793F06 /* LaunchScreen.storyboard */ = {
			isa = PBXVariantGroup;
			children = (
				498F303F2A4AEA2A00793F06 /* Base */,
			);
			name = LaunchScreen.storyboard;
			sourceTree = "<group>";
		};
/* End PBXVariantGroup section */

/* Begin XCBuildConfiguration section */
		498F30422A4AEA2A00793F06 /* Debug */ = {
			isa = XCBuildConfiguration;
			buildSettings = {
				ALWAYS_SEARCH_USER_PATHS = NO;
				CLANG_ANALYZER_NONNULL = YES;
				CLANG_ANALYZER_NUMBER_OBJECT_CONVERSION = YES_AGGRESSIVE;
				CLANG_CXX_LANGUAGE_STANDARD = "gnu++20";
				CLANG_ENABLE_MODULES = YES;
				CLANG_ENABLE_OBJC_ARC = YES;
				CLANG_ENABLE_OBJC_WEAK = YES;
				CLANG_WARN_BLOCK_CAPTURE_AUTORELEASING = YES;
				CLANG_WARN_BOOL_CONVERSION = YES;
				CLANG_WARN_COMMA = YES;
				CLANG_WARN_CONSTANT_CONVERSION = YES;
				CLANG_WARN_DEPRECATED_OBJC_IMPLEMENTATIONS = YES;
				CLANG_WARN_DIRECT_OBJC_ISA_USAGE = YES_ERROR;
				CLANG_WARN_DOCUMENTATION_COMMENTS = YES;
				CLANG_WARN_EMPTY_BODY = YES;
				CLANG_WARN_ENUM_CONVERSION = YES;
				CLANG_WARN_INFINITE_RECURSION = YES;
				CLANG_WARN_INT_CONVERSION = YES;
				CLANG_WARN_NON_LITERAL_NULL_CONVERSION = YES;
				CLANG_WARN_OBJC_IMPLICIT_RETAIN_SELF = YES;
				CLANG_WARN_OBJC_LITERAL_CONVERSION = YES;
				CLANG_WARN_OBJC_ROOT_CLASS = YES_ERROR;
				CLANG_WARN_QUOTED_INCLUDE_IN_FRAMEWORK_HEADER = YES;
				CLANG_WARN_RANGE_LOOP_ANALYSIS = YES;
				CLANG_WARN_STRICT_PROTOTYPES = YES;
				CLANG_WARN_SUSPICIOUS_MOVE = YES;
				CLANG_WARN_UNGUARDED_AVAILABILITY = YES_AGGRESSIVE;
				CLANG_WARN_UNREACHABLE_CODE = YES;
				CLANG_WARN__DUPLICATE_METHOD_MATCH = YES;
				COPY_PHASE_STRIP = NO;
				DEBUG_INFORMATION_FORMAT = dwarf;
				ENABLE_STRICT_OBJC_MSGSEND = YES;
				ENABLE_TESTABILITY = YES;
				GCC_C_LANGUAGE_STANDARD = gnu11;
				GCC_DYNAMIC_NO_PIC = NO;
				GCC_NO_COMMON_BLOCKS = YES;
				GCC_OPTIMIZATION_LEVEL = 0;
				GCC_PREPROCESSOR_DEFINITIONS = (
					"DEBUG=1",
					"$(inherited)",
				);
				GCC_WARN_64_TO_32_BIT_CONVERSION = YES;
				GCC_WARN_ABOUT_RETURN_TYPE = YES_ERROR;
				GCC_WARN_UNDECLARED_SELECTOR = YES;
				GCC_WARN_UNINITIALIZED_AUTOS = YES_AGGRESSIVE;
				GCC_WARN_UNUSED_FUNCTION = YES;
				GCC_WARN_UNUSED_VARIABLE = YES;
				IPHONEOS_DEPLOYMENT_TARGET = 16.4;
				MTL_ENABLE_DEBUG_INFO = INCLUDE_SOURCE;
				MTL_FAST_MATH = YES;
				ONLY_ACTIVE_ARCH = YES;
				SDKROOT = iphoneos;
				SWIFT_ACTIVE_COMPILATION_CONDITIONS = DEBUG;
				SWIFT_OPTIMIZATION_LEVEL = "-Onone";
			};
			name = Debug;
		};
		498F30432A4AEA2A00793F06 /* Release */ = {
			isa = XCBuildConfiguration;
			buildSettings = {
				ALWAYS_SEARCH_USER_PATHS = NO;
				CLANG_ANALYZER_NONNULL = YES;
				CLANG_ANALYZER_NUMBER_OBJECT_CONVERSION = YES_AGGRESSIVE;
				CLANG_CXX_LANGUAGE_STANDARD = "gnu++20";
				CLANG_ENABLE_MODULES = YES;
				CLANG_ENABLE_OBJC_ARC = YES;
				CLANG_ENABLE_OBJC_WEAK = YES;
				CLANG_WARN_BLOCK_CAPTURE_AUTORELEASING = YES;
				CLANG_WARN_BOOL_CONVERSION = YES;
				CLANG_WARN_COMMA = YES;
				CLANG_WARN_CONSTANT_CONVERSION = YES;
				CLANG_WARN_DEPRECATED_OBJC_IMPLEMENTATIONS = YES;
				CLANG_WARN_DIRECT_OBJC_ISA_USAGE = YES_ERROR;
				CLANG_WARN_DOCUMENTATION_COMMENTS = YES;
				CLANG_WARN_EMPTY_BODY = YES;
				CLANG_WARN_ENUM_CONVERSION = YES;
				CLANG_WARN_INFINITE_RECURSION = YES;
				CLANG_WARN_INT_CONVERSION = YES;
				CLANG_WARN_NON_LITERAL_NULL_CONVERSION = YES;
				CLANG_WARN_OBJC_IMPLICIT_RETAIN_SELF = YES;
				CLANG_WARN_OBJC_LITERAL_CONVERSION = YES;
				CLANG_WARN_OBJC_ROOT_CLASS = YES_ERROR;
				CLANG_WARN_QUOTED_INCLUDE_IN_FRAMEWORK_HEADER = YES;
				CLANG_WARN_RANGE_LOOP_ANALYSIS = YES;
				CLANG_WARN_STRICT_PROTOTYPES = YES;
				CLANG_WARN_SUSPICIOUS_MOVE = YES;
				CLANG_WARN_UNGUARDED_AVAILABILITY = YES_AGGRESSIVE;
				CLANG_WARN_UNREACHABLE_CODE = YES;
				CLANG_WARN__DUPLICATE_METHOD_MATCH = YES;
				COPY_PHASE_STRIP = NO;
				DEBUG_INFORMATION_FORMAT = "dwarf-with-dsym";
				ENABLE_NS_ASSERTIONS = NO;
				ENABLE_STRICT_OBJC_MSGSEND = YES;
				GCC_C_LANGUAGE_STANDARD = gnu11;
				GCC_NO_COMMON_BLOCKS = YES;
				GCC_WARN_64_TO_32_BIT_CONVERSION = YES;
				GCC_WARN_ABOUT_RETURN_TYPE = YES_ERROR;
				GCC_WARN_UNDECLARED_SELECTOR = YES;
				GCC_WARN_UNINITIALIZED_AUTOS = YES_AGGRESSIVE;
				GCC_WARN_UNUSED_FUNCTION = YES;
				GCC_WARN_UNUSED_VARIABLE = YES;
				IPHONEOS_DEPLOYMENT_TARGET = 16.4;
				MTL_ENABLE_DEBUG_INFO = NO;
				MTL_FAST_MATH = YES;
				SDKROOT = iphoneos;
				SWIFT_COMPILATION_MODE = wholemodule;
				SWIFT_OPTIMIZATION_LEVEL = "-O";
				VALIDATE_PRODUCT = YES;
			};
			name = Release;
		};
		498F30452A4AEA2A00793F06 /* Debug */ = {
			isa = XCBuildConfiguration;
			buildSettings = {
				ASSETCATALOG_COMPILER_APPICON_NAME = AppIcon;
				ASSETCATALOG_COMPILER_GLOBAL_ACCENT_COLOR_NAME = AccentColor;
				CODE_SIGN_STYLE = Automatic;
				CURRENT_PROJECT_VERSION = 1;
				DEVELOPMENT_TEAM = 2G8QN9SRVA;
				GENERATE_INFOPLIST_FILE = YES;
				INFOPLIST_FILE = InfoAppCoreData/Info.plist;
				INFOPLIST_KEY_UIApplicationSupportsIndirectInputEvents = YES;
				INFOPLIST_KEY_UILaunchStoryboardName = LaunchScreen;
				INFOPLIST_KEY_UISupportedInterfaceOrientations_iPad = "UIInterfaceOrientationPortrait UIInterfaceOrientationPortraitUpsideDown UIInterfaceOrientationLandscapeLeft UIInterfaceOrientationLandscapeRight";
				INFOPLIST_KEY_UISupportedInterfaceOrientations_iPhone = "UIInterfaceOrientationPortrait UIInterfaceOrientationLandscapeLeft UIInterfaceOrientationLandscapeRight";
				LD_RUNPATH_SEARCH_PATHS = (
					"$(inherited)",
					"@executable_path/Frameworks",
				);
				MARKETING_VERSION = 1.0;
				PRODUCT_BUNDLE_IDENTIFIER = com.berkaykuzu.InfoAppCoreData;
				PRODUCT_NAME = "$(TARGET_NAME)";
				SWIFT_EMIT_LOC_STRINGS = YES;
				SWIFT_VERSION = 5.0;
				TARGETED_DEVICE_FAMILY = "1,2";
			};
			name = Debug;
		};
		498F30462A4AEA2A00793F06 /* Release */ = {
			isa = XCBuildConfiguration;
			buildSettings = {
				ASSETCATALOG_COMPILER_APPICON_NAME = AppIcon;
				ASSETCATALOG_COMPILER_GLOBAL_ACCENT_COLOR_NAME = AccentColor;
				CODE_SIGN_STYLE = Automatic;
				CURRENT_PROJECT_VERSION = 1;
				DEVELOPMENT_TEAM = 2G8QN9SRVA;
				GENERATE_INFOPLIST_FILE = YES;
				INFOPLIST_FILE = InfoAppCoreData/Info.plist;
				INFOPLIST_KEY_UIApplicationSupportsIndirectInputEvents = YES;
				INFOPLIST_KEY_UILaunchStoryboardName = LaunchScreen;
				INFOPLIST_KEY_UISupportedInterfaceOrientations_iPad = "UIInterfaceOrientationPortrait UIInterfaceOrientationPortraitUpsideDown UIInterfaceOrientationLandscapeLeft UIInterfaceOrientationLandscapeRight";
				INFOPLIST_KEY_UISupportedInterfaceOrientations_iPhone = "UIInterfaceOrientationPortrait UIInterfaceOrientationLandscapeLeft UIInterfaceOrientationLandscapeRight";
				LD_RUNPATH_SEARCH_PATHS = (
					"$(inherited)",
					"@executable_path/Frameworks",
				);
				MARKETING_VERSION = 1.0;
				PRODUCT_BUNDLE_IDENTIFIER = com.berkaykuzu.InfoAppCoreData;
				PRODUCT_NAME = "$(TARGET_NAME)";
				SWIFT_EMIT_LOC_STRINGS = YES;
				SWIFT_VERSION = 5.0;
				TARGETED_DEVICE_FAMILY = "1,2";
			};
			name = Release;
		};
/* End XCBuildConfiguration section */

/* Begin XCConfigurationList section */
		498F30282A4AEA2900793F06 /* Build configuration list for PBXProject "InfoAppCoreData" */ = {
			isa = XCConfigurationList;
			buildConfigurations = (
				498F30422A4AEA2A00793F06 /* Debug */,
				498F30432A4AEA2A00793F06 /* Release */,
			);
			defaultConfigurationIsVisible = 0;
			defaultConfigurationName = Release;
		};
		498F30442A4AEA2A00793F06 /* Build configuration list for PBXNativeTarget "InfoAppCoreData" */ = {
			isa = XCConfigurationList;
			buildConfigurations = (
				498F30452A4AEA2A00793F06 /* Debug */,
				498F30462A4AEA2A00793F06 /* Release */,
			);
			defaultConfigurationIsVisible = 0;
			defaultConfigurationName = Release;
		};
/* End XCConfigurationList section */

/* Begin XCRemoteSwiftPackageReference section */
		498F30492A4AFD9900793F06 /* XCRemoteSwiftPackageReference "SnapKit" */ = {
			isa = XCRemoteSwiftPackageReference;
			repositoryURL = "https://github.com/SnapKit/SnapKit.git";
			requirement = {
				kind = upToNextMajorVersion;
				minimumVersion = 5.0.0;
			};
		};
/* End XCRemoteSwiftPackageReference section */

/* Begin XCSwiftPackageProductDependency section */
		498F304A2A4AFD9900793F06 /* SnapKit */ = {
			isa = XCSwiftPackageProductDependency;
			package = 498F30492A4AFD9900793F06 /* XCRemoteSwiftPackageReference "SnapKit" */;
			productName = SnapKit;
		};
/* End XCSwiftPackageProductDependency section */

/* Begin XCVersionGroup section */
		498F30392A4AEA2900793F06 /* InfoAppCoreData.xcdatamodeld */ = {
			isa = XCVersionGroup;
			children = (
				498F303A2A4AEA2900793F06 /* InfoAppCoreData.xcdatamodel */,
			);
			currentVersion = 498F303A2A4AEA2900793F06 /* InfoAppCoreData.xcdatamodel */;
			path = InfoAppCoreData.xcdatamodeld;
			sourceTree = "<group>";
			versionGroupType = wrapper.xcdatamodel;
		};
/* End XCVersionGroup section */
	};
	rootObject = 498F30252A4AEA2900793F06 /* Project object */;
}
