// !$*UTF8*$!
{
	archiveVersion = 1;
	classes = {
	};
	objectVersion = 56;
	objects = {

/* Begin PBXBuildFile section */
		49E7457F2A2DB8CA0042ECA8 /* AppDelegate.swift in Sources */ = {isa = PBXBuildFile; fileRef = 49E7457E2A2DB8CA0042ECA8 /* AppDelegate.swift */; };
		49E745812A2DB8CA0042ECA8 /* SceneDelegate.swift in Sources */ = {isa = PBXBuildFile; fileRef = 49E745802A2DB8CA0042ECA8 /* SceneDelegate.swift */; };
		49E745832A2DB8CA0042ECA8 /* ViewController.swift in Sources */ = {isa = PBXBuildFile; fileRef = 49E745822A2DB8CA0042ECA8 /* ViewController.swift */; };
		49E745862A2DB8CA0042ECA8 /* Main.storyboard in Resources */ = {isa = PBXBuildFile; fileRef = 49E745842A2DB8CA0042ECA8 /* Main.storyboard */; };
		49E745882A2DB8CB0042ECA8 /* Assets.xcassets in Resources */ = {isa = PBXBuildFile; fileRef = 49E745872A2DB8CB0042ECA8 /* Assets.xcassets */; };
		49E7458B2A2DB8CB0042ECA8 /* LaunchScreen.storyboard in Resources */ = {isa = PBXBuildFile; fileRef = 49E745892A2DB8CB0042ECA8 /* LaunchScreen.storyboard */; };
		72769F29E0624C214615A95F /* Pods_Scroll_View.framework in Frameworks */ = {isa = PBXBuildFile; fileRef = D6ECFD6FCD8E9197BDD61D18 /* Pods_Scroll_View.framework */; };
/* End PBXBuildFile section */

/* Begin PBXFileReference section */
		49E7457B2A2DB8CA0042ECA8 /* Scroll View.app */ = {isa = PBXFileReference; explicitFileType = wrapper.application; includeInIndex = 0; path = "Scroll View.app"; sourceTree = BUILT_PRODUCTS_DIR; };
		49E7457E2A2DB8CA0042ECA8 /* AppDelegate.swift */ = {isa = PBXFileReference; lastKnownFileType = sourcecode.swift; path = AppDelegate.swift; sourceTree = "<group>"; };
		49E745802A2DB8CA0042ECA8 /* SceneDelegate.swift */ = {isa = PBXFileReference; lastKnownFileType = sourcecode.swift; path = SceneDelegate.swift; sourceTree = "<group>"; };
		49E745822A2DB8CA0042ECA8 /* ViewController.swift */ = {isa = PBXFileReference; lastKnownFileType = sourcecode.swift; path = ViewController.swift; sourceTree = "<group>"; };
		49E745852A2DB8CA0042ECA8 /* Base */ = {isa = PBXFileReference; lastKnownFileType = file.storyboard; name = Base; path = Base.lproj/Main.storyboard; sourceTree = "<group>"; };
		49E745872A2DB8CB0042ECA8 /* Assets.xcassets */ = {isa = PBXFileReference; lastKnownFileType = folder.assetcatalog; path = Assets.xcassets; sourceTree = "<group>"; };
		49E7458A2A2DB8CB0042ECA8 /* Base */ = {isa = PBXFileReference; lastKnownFileType = file.storyboard; name = Base; path = Base.lproj/LaunchScreen.storyboard; sourceTree = "<group>"; };
		49E7458C2A2DB8CB0042ECA8 /* Info.plist */ = {isa = PBXFileReference; lastKnownFileType = text.plist.xml; path = Info.plist; sourceTree = "<group>"; };
		683FFE30FF60B726FDB0AF28 /* Pods-Scroll View.release.xcconfig */ = {isa = PBXFileReference; includeInIndex = 1; lastKnownFileType = text.xcconfig; name = "Pods-Scroll View.release.xcconfig"; path = "Target Support Files/Pods-Scroll View/Pods-Scroll View.release.xcconfig"; sourceTree = "<group>"; };
		A33507D7A61E76E60168C4E9 /* Pods-Scroll View.debug.xcconfig */ = {isa = PBXFileReference; includeInIndex = 1; lastKnownFileType = text.xcconfig; name = "Pods-Scroll View.debug.xcconfig"; path = "Target Support Files/Pods-Scroll View/Pods-Scroll View.debug.xcconfig"; sourceTree = "<group>"; };
		D6ECFD6FCD8E9197BDD61D18 /* Pods_Scroll_View.framework */ = {isa = PBXFileReference; explicitFileType = wrapper.framework; includeInIndex = 0; path = Pods_Scroll_View.framework; sourceTree = BUILT_PRODUCTS_DIR; };
/* End PBXFileReference section */

/* Begin PBXFrameworksBuildPhase section */
		49E745782A2DB8CA0042ECA8 /* Frameworks */ = {
			isa = PBXFrameworksBuildPhase;
			buildActionMask = 2147483647;
			files = (
				72769F29E0624C214615A95F /* Pods_Scroll_View.framework in Frameworks */,
			);
			runOnlyForDeploymentPostprocessing = 0;
		};
/* End PBXFrameworksBuildPhase section */

/* Begin PBXGroup section */
		127BD43ABF8AC8875A358B70 /* Frameworks */ = {
			isa = PBXGroup;
			children = (
				D6ECFD6FCD8E9197BDD61D18 /* Pods_Scroll_View.framework */,
			);
			name = Frameworks;
			sourceTree = "<group>";
		};
		49E745722A2DB8CA0042ECA8 = {
			isa = PBXGroup;
			children = (
				49E7457D2A2DB8CA0042ECA8 /* Scroll View */,
				49E7457C2A2DB8CA0042ECA8 /* Products */,
				8803B766DDD6B16AAC3E08D7 /* Pods */,
				127BD43ABF8AC8875A358B70 /* Frameworks */,
			);
			sourceTree = "<group>";
		};
		49E7457C2A2DB8CA0042ECA8 /* Products */ = {
			isa = PBXGroup;
			children = (
				49E7457B2A2DB8CA0042ECA8 /* Scroll View.app */,
			);
			name = Products;
			sourceTree = "<group>";
		};
		49E7457D2A2DB8CA0042ECA8 /* Scroll View */ = {
			isa = PBXGroup;
			children = (
				49E7457E2A2DB8CA0042ECA8 /* AppDelegate.swift */,
				49E745802A2DB8CA0042ECA8 /* SceneDelegate.swift */,
				49E745822A2DB8CA0042ECA8 /* ViewController.swift */,
				49E745842A2DB8CA0042ECA8 /* Main.storyboard */,
				49E745872A2DB8CB0042ECA8 /* Assets.xcassets */,
				49E745892A2DB8CB0042ECA8 /* LaunchScreen.storyboard */,
				49E7458C2A2DB8CB0042ECA8 /* Info.plist */,
			);
			path = "Scroll View";
			sourceTree = "<group>";
		};
		8803B766DDD6B16AAC3E08D7 /* Pods */ = {
			isa = PBXGroup;
			children = (
				A33507D7A61E76E60168C4E9 /* Pods-Scroll View.debug.xcconfig */,
				683FFE30FF60B726FDB0AF28 /* Pods-Scroll View.release.xcconfig */,
			);
			name = Pods;
			path = Pods;
			sourceTree = "<group>";
		};
/* End PBXGroup section */

/* Begin PBXNativeTarget section */
		49E7457A2A2DB8CA0042ECA8 /* Scroll View */ = {
			isa = PBXNativeTarget;
			buildConfigurationList = 49E7458F2A2DB8CB0042ECA8 /* Build configuration list for PBXNativeTarget "Scroll View" */;
			buildPhases = (
				01292DAE87D1298D41DDC571 /* [CP] Check Pods Manifest.lock */,
				49E745772A2DB8CA0042ECA8 /* Sources */,
				49E745782A2DB8CA0042ECA8 /* Frameworks */,
				49E745792A2DB8CA0042ECA8 /* Resources */,
				A6943C57DD617BDAB6442A53 /* [CP] Embed Pods Frameworks */,
			);
			buildRules = (
			);
			dependencies = (
			);
			name = "Scroll View";
			productName = "Scroll View";
			productReference = 49E7457B2A2DB8CA0042ECA8 /* Scroll View.app */;
			productType = "com.apple.product-type.application";
		};
/* End PBXNativeTarget section */

/* Begin PBXProject section */
		49E745732A2DB8CA0042ECA8 /* Project object */ = {
			isa = PBXProject;
			attributes = {
				BuildIndependentTargetsInParallel = 1;
				LastSwiftUpdateCheck = 1430;
				LastUpgradeCheck = 1430;
				TargetAttributes = {
					49E7457A2A2DB8CA0042ECA8 = {
						CreatedOnToolsVersion = 14.3;
					};
				};
			};
			buildConfigurationList = 49E745762A2DB8CA0042ECA8 /* Build configuration list for PBXProject "Scroll View" */;
			compatibilityVersion = "Xcode 14.0";
			developmentRegion = en;
			hasScannedForEncodings = 0;
			knownRegions = (
				en,
				Base,
			);
			mainGroup = 49E745722A2DB8CA0042ECA8;
			productRefGroup = 49E7457C2A2DB8CA0042ECA8 /* Products */;
			projectDirPath = "";
			projectRoot = "";
			targets = (
				49E7457A2A2DB8CA0042ECA8 /* Scroll View */,
			);
		};
/* End PBXProject section */

/* Begin PBXResourcesBuildPhase section */
		49E745792A2DB8CA0042ECA8 /* Resources */ = {
			isa = PBXResourcesBuildPhase;
			buildActionMask = 2147483647;
			files = (
				49E7458B2A2DB8CB0042ECA8 /* LaunchScreen.storyboard in Resources */,
				49E745882A2DB8CB0042ECA8 /* Assets.xcassets in Resources */,
				49E745862A2DB8CA0042ECA8 /* Main.storyboard in Resources */,
			);
			runOnlyForDeploymentPostprocessing = 0;
		};
/* End PBXResourcesBuildPhase section */

/* Begin PBXShellScriptBuildPhase section */
		01292DAE87D1298D41DDC571 /* [CP] Check Pods Manifest.lock */ = {
			isa = PBXShellScriptBuildPhase;
			buildActionMask = 2147483647;
			files = (
			);
			inputFileListPaths = (
			);
			inputPaths = (
				"${PODS_PODFILE_DIR_PATH}/Podfile.lock",
				"${PODS_ROOT}/Manifest.lock",
			);
			name = "[CP] Check Pods Manifest.lock";
			outputFileListPaths = (
			);
			outputPaths = (
				"$(DERIVED_FILE_DIR)/Pods-Scroll View-checkManifestLockResult.txt",
			);
			runOnlyForDeploymentPostprocessing = 0;
			shellPath = /bin/sh;
			shellScript = "diff \"${PODS_PODFILE_DIR_PATH}/Podfile.lock\" \"${PODS_ROOT}/Manifest.lock\" > /dev/null\nif [ $? != 0 ] ; then\n    # print error to STDERR\n    echo \"error: The sandbox is not in sync with the Podfile.lock. Run 'pod install' or update your CocoaPods installation.\" >&2\n    exit 1\nfi\n# This output is used by Xcode 'outputs' to avoid re-running this script phase.\necho \"SUCCESS\" > \"${SCRIPT_OUTPUT_FILE_0}\"\n";
			showEnvVarsInLog = 0;
		};
		A6943C57DD617BDAB6442A53 /* [CP] Embed Pods Frameworks */ = {
			isa = PBXShellScriptBuildPhase;
			buildActionMask = 2147483647;
			files = (
			);
			inputFileListPaths = (
				"${PODS_ROOT}/Target Support Files/Pods-Scroll View/Pods-Scroll View-frameworks-${CONFIGURATION}-input-files.xcfilelist",
			);
			name = "[CP] Embed Pods Frameworks";
			outputFileListPaths = (
				"${PODS_ROOT}/Target Support Files/Pods-Scroll View/Pods-Scroll View-frameworks-${CONFIGURATION}-output-files.xcfilelist",
			);
			runOnlyForDeploymentPostprocessing = 0;
			shellPath = /bin/sh;
			shellScript = "\"${PODS_ROOT}/Target Support Files/Pods-Scroll View/Pods-Scroll View-frameworks.sh\"\n";
			showEnvVarsInLog = 0;
		};
/* End PBXShellScriptBuildPhase section */

/* Begin PBXSourcesBuildPhase section */
		49E745772A2DB8CA0042ECA8 /* Sources */ = {
			isa = PBXSourcesBuildPhase;
			buildActionMask = 2147483647;
			files = (
				49E745832A2DB8CA0042ECA8 /* ViewController.swift in Sources */,
				49E7457F2A2DB8CA0042ECA8 /* AppDelegate.swift in Sources */,
				49E745812A2DB8CA0042ECA8 /* SceneDelegate.swift in Sources */,
			);
			runOnlyForDeploymentPostprocessing = 0;
		};
/* End PBXSourcesBuildPhase section */

/* Begin PBXVariantGroup section */
		49E745842A2DB8CA0042ECA8 /* Main.storyboard */ = {
			isa = PBXVariantGroup;
			children = (
				49E745852A2DB8CA0042ECA8 /* Base */,
			);
			name = Main.storyboard;
			sourceTree = "<group>";
		};
		49E745892A2DB8CB0042ECA8 /* LaunchScreen.storyboard */ = {
			isa = PBXVariantGroup;
			children = (
				49E7458A2A2DB8CB0042ECA8 /* Base */,
			);
			name = LaunchScreen.storyboard;
			sourceTree = "<group>";
		};
/* End PBXVariantGroup section */

/* Begin XCBuildConfiguration section */
		49E7458D2A2DB8CB0042ECA8 /* Debug */ = {
			isa = XCBuildConfiguration;
			buildSettings = {
				ALWAYS_SEARCH_USER_PATHS = NO;
				CLANG_ANALYZER_NONNULL = YES;
				CLANG_ANALYZER_NUMBER_OBJECT_CONVERSION = YES_AGGRESSIVE;
				CLANG_CXX_LANGUAGE_STANDARD = "gnu++20";
				CLANG_ENABLE_MODULES = YES;
				CLANG_ENABLE_OBJC_ARC = YES;
				CLANG_ENABLE_OBJC_WEAK = YES;
				CLANG_WARN_BLOCK_CAPTURE_AUTORELEASING = YES;
				CLANG_WARN_BOOL_CONVERSION = YES;
				CLANG_WARN_COMMA = YES;
				CLANG_WARN_CONSTANT_CONVERSION = YES;
				CLANG_WARN_DEPRECATED_OBJC_IMPLEMENTATIONS = YES;
				CLANG_WARN_DIRECT_OBJC_ISA_USAGE = YES_ERROR;
				CLANG_WARN_DOCUMENTATION_COMMENTS = YES;
				CLANG_WARN_EMPTY_BODY = YES;
				CLANG_WARN_ENUM_CONVERSION = YES;
				CLANG_WARN_INFINITE_RECURSION = YES;
				CLANG_WARN_INT_CONVERSION = YES;
				CLANG_WARN_NON_LITERAL_NULL_CONVERSION = YES;
				CLANG_WARN_OBJC_IMPLICIT_RETAIN_SELF = YES;
				CLANG_WARN_OBJC_LITERAL_CONVERSION = YES;
				CLANG_WARN_OBJC_ROOT_CLASS = YES_ERROR;
				CLANG_WARN_QUOTED_INCLUDE_IN_FRAMEWORK_HEADER = YES;
				CLANG_WARN_RANGE_LOOP_ANALYSIS = YES;
				CLANG_WARN_STRICT_PROTOTYPES = YES;
				CLANG_WARN_SUSPICIOUS_MOVE = YES;
				CLANG_WARN_UNGUARDED_AVAILABILITY = YES_AGGRESSIVE;
				CLANG_WARN_UNREACHABLE_CODE = YES;
				CLANG_WARN__DUPLICATE_METHOD_MATCH = YES;
				COPY_PHASE_STRIP = NO;
				DEBUG_INFORMATION_FORMAT = dwarf;
				ENABLE_STRICT_OBJC_MSGSEND = YES;
				ENABLE_TESTABILITY = YES;
				GCC_C_LANGUAGE_STANDARD = gnu11;
				GCC_DYNAMIC_NO_PIC = NO;
				GCC_NO_COMMON_BLOCKS = YES;
				GCC_OPTIMIZATION_LEVEL = 0;
				GCC_PREPROCESSOR_DEFINITIONS = (
					"DEBUG=1",
					"$(inherited)",
				);
				GCC_WARN_64_TO_32_BIT_CONVERSION = YES;
				GCC_WARN_ABOUT_RETURN_TYPE = YES_ERROR;
				GCC_WARN_UNDECLARED_SELECTOR = YES;
				GCC_WARN_UNINITIALIZED_AUTOS = YES_AGGRESSIVE;
				GCC_WARN_UNUSED_FUNCTION = YES;
				GCC_WARN_UNUSED_VARIABLE = YES;
				IPHONEOS_DEPLOYMENT_TARGET = 16.4;
				MTL_ENABLE_DEBUG_INFO = INCLUDE_SOURCE;
				MTL_FAST_MATH = YES;
				ONLY_ACTIVE_ARCH = YES;
				SDKROOT = iphoneos;
				SWIFT_ACTIVE_COMPILATION_CONDITIONS = DEBUG;
				SWIFT_OPTIMIZATION_LEVEL = "-Onone";
			};
			name = Debug;
		};
		49E7458E2A2DB8CB0042ECA8 /* Release */ = {
			isa = XCBuildConfiguration;
			buildSettings = {
				ALWAYS_SEARCH_USER_PATHS = NO;
				CLANG_ANALYZER_NONNULL = YES;
				CLANG_ANALYZER_NUMBER_OBJECT_CONVERSION = YES_AGGRESSIVE;
				CLANG_CXX_LANGUAGE_STANDARD = "gnu++20";
				CLANG_ENABLE_MODULES = YES;
				CLANG_ENABLE_OBJC_ARC = YES;
				CLANG_ENABLE_OBJC_WEAK = YES;
				CLANG_WARN_BLOCK_CAPTURE_AUTORELEASING = YES;
				CLANG_WARN_BOOL_CONVERSION = YES;
				CLANG_WARN_COMMA = YES;
				CLANG_WARN_CONSTANT_CONVERSION = YES;
				CLANG_WARN_DEPRECATED_OBJC_IMPLEMENTATIONS = YES;
				CLANG_WARN_DIRECT_OBJC_ISA_USAGE = YES_ERROR;
				CLANG_WARN_DOCUMENTATION_COMMENTS = YES;
				CLANG_WARN_EMPTY_BODY = YES;
				CLANG_WARN_ENUM_CONVERSION = YES;
				CLANG_WARN_INFINITE_RECURSION = YES;
				CLANG_WARN_INT_CONVERSION = YES;
				CLANG_WARN_NON_LITERAL_NULL_CONVERSION = YES;
				CLANG_WARN_OBJC_IMPLICIT_RETAIN_SELF = YES;
				CLANG_WARN_OBJC_LITERAL_CONVERSION = YES;
				CLANG_WARN_OBJC_ROOT_CLASS = YES_ERROR;
				CLANG_WARN_QUOTED_INCLUDE_IN_FRAMEWORK_HEADER = YES;
				CLANG_WARN_RANGE_LOOP_ANALYSIS = YES;
				CLANG_WARN_STRICT_PROTOTYPES = YES;
				CLANG_WARN_SUSPICIOUS_MOVE = YES;
				CLANG_WARN_UNGUARDED_AVAILABILITY = YES_AGGRESSIVE;
				CLANG_WARN_UNREACHABLE_CODE = YES;
				CLANG_WARN__DUPLICATE_METHOD_MATCH = YES;
				COPY_PHASE_STRIP = NO;
				DEBUG_INFORMATION_FORMAT = "dwarf-with-dsym";
				ENABLE_NS_ASSERTIONS = NO;
				ENABLE_STRICT_OBJC_MSGSEND = YES;
				GCC_C_LANGUAGE_STANDARD = gnu11;
				GCC_NO_COMMON_BLOCKS = YES;
				GCC_WARN_64_TO_32_BIT_CONVERSION = YES;
				GCC_WARN_ABOUT_RETURN_TYPE = YES_ERROR;
				GCC_WARN_UNDECLARED_SELECTOR = YES;
				GCC_WARN_UNINITIALIZED_AUTOS = YES_AGGRESSIVE;
				GCC_WARN_UNUSED_FUNCTION = YES;
				GCC_WARN_UNUSED_VARIABLE = YES;
				IPHONEOS_DEPLOYMENT_TARGET = 16.4;
				MTL_ENABLE_DEBUG_INFO = NO;
				MTL_FAST_MATH = YES;
				SDKROOT = iphoneos;
				SWIFT_COMPILATION_MODE = wholemodule;
				SWIFT_OPTIMIZATION_LEVEL = "-O";
				VALIDATE_PRODUCT = YES;
			};
			name = Release;
		};
		49E745902A2DB8CB0042ECA8 /* Debug */ = {
			isa = XCBuildConfiguration;
			baseConfigurationReference = A33507D7A61E76E60168C4E9 /* Pods-Scroll View.debug.xcconfig */;
			buildSettings = {
				ASSETCATALOG_COMPILER_APPICON_NAME = AppIcon;
				ASSETCATALOG_COMPILER_GLOBAL_ACCENT_COLOR_NAME = AccentColor;
				CODE_SIGN_STYLE = Automatic;
				CURRENT_PROJECT_VERSION = 1;
				DEVELOPMENT_TEAM = 2G8QN9SRVA;
				GENERATE_INFOPLIST_FILE = YES;
				INFOPLIST_FILE = "Scroll View/Info.plist";
				INFOPLIST_KEY_UIApplicationSupportsIndirectInputEvents = YES;
				INFOPLIST_KEY_UILaunchStoryboardName = LaunchScreen;
				INFOPLIST_KEY_UIMainStoryboardFile = Main;
				INFOPLIST_KEY_UISupportedInterfaceOrientations_iPad = "UIInterfaceOrientationPortrait UIInterfaceOrientationPortraitUpsideDown UIInterfaceOrientationLandscapeLeft UIInterfaceOrientationLandscapeRight";
				INFOPLIST_KEY_UISupportedInterfaceOrientations_iPhone = "UIInterfaceOrientationPortrait UIInterfaceOrientationLandscapeLeft UIInterfaceOrientationLandscapeRight";
				LD_RUNPATH_SEARCH_PATHS = (
					"$(inherited)",
					"@executable_path/Frameworks",
				);
				MARKETING_VERSION = 1.0;
				PRODUCT_BUNDLE_IDENTIFIER = "com.berkaykuzu.Scroll-View";
				PRODUCT_NAME = "$(TARGET_NAME)";
				SWIFT_EMIT_LOC_STRINGS = YES;
				SWIFT_VERSION = 5.0;
				TARGETED_DEVICE_FAMILY = "1,2";
			};
			name = Debug;
		};
		49E745912A2DB8CB0042ECA8 /* Release */ = {
			isa = XCBuildConfiguration;
			baseConfigurationReference = 683FFE30FF60B726FDB0AF28 /* Pods-Scroll View.release.xcconfig */;
			buildSettings = {
				ASSETCATALOG_COMPILER_APPICON_NAME = AppIcon;
				ASSETCATALOG_COMPILER_GLOBAL_ACCENT_COLOR_NAME = AccentColor;
				CODE_SIGN_STYLE = Automatic;
				CURRENT_PROJECT_VERSION = 1;
				DEVELOPMENT_TEAM = 2G8QN9SRVA;
				GENERATE_INFOPLIST_FILE = YES;
				INFOPLIST_FILE = "Scroll View/Info.plist";
				INFOPLIST_KEY_UIApplicationSupportsIndirectInputEvents = YES;
				INFOPLIST_KEY_UILaunchStoryboardName = LaunchScreen;
				INFOPLIST_KEY_UIMainStoryboardFile = Main;
				INFOPLIST_KEY_UISupportedInterfaceOrientations_iPad = "UIInterfaceOrientationPortrait UIInterfaceOrientationPortraitUpsideDown UIInterfaceOrientationLandscapeLeft UIInterfaceOrientationLandscapeRight";
				INFOPLIST_KEY_UISupportedInterfaceOrientations_iPhone = "UIInterfaceOrientationPortrait UIInterfaceOrientationLandscapeLeft UIInterfaceOrientationLandscapeRight";
				LD_RUNPATH_SEARCH_PATHS = (
					"$(inherited)",
					"@executable_path/Frameworks",
				);
				MARKETING_VERSION = 1.0;
				PRODUCT_BUNDLE_IDENTIFIER = "com.berkaykuzu.Scroll-View";
				PRODUCT_NAME = "$(TARGET_NAME)";
				SWIFT_EMIT_LOC_STRINGS = YES;
				SWIFT_VERSION = 5.0;
				TARGETED_DEVICE_FAMILY = "1,2";
			};
			name = Release;
		};
/* End XCBuildConfiguration section */

/* Begin XCConfigurationList section */
		49E745762A2DB8CA0042ECA8 /* Build configuration list for PBXProject "Scroll View" */ = {
			isa = XCConfigurationList;
			buildConfigurations = (
				49E7458D2A2DB8CB0042ECA8 /* Debug */,
				49E7458E2A2DB8CB0042ECA8 /* Release */,
			);
			defaultConfigurationIsVisible = 0;
			defaultConfigurationName = Release;
		};
		49E7458F2A2DB8CB0042ECA8 /* Build configuration list for PBXNativeTarget "Scroll View" */ = {
			isa = XCConfigurationList;
			buildConfigurations = (
				49E745902A2DB8CB0042ECA8 /* Debug */,
				49E745912A2DB8CB0042ECA8 /* Release */,
			);
			defaultConfigurationIsVisible = 0;
			defaultConfigurationName = Release;
		};
/* End XCConfigurationList section */
	};
	rootObject = 49E745732A2DB8CA0042ECA8 /* Project object */;
}
