// !$*UTF8*$!
{
	archiveVersion = 1;
	classes = {
	};
	objectVersion = 56;
	objects = {

/* Begin PBXBuildFile section */
		4919C0DB2A4AB4E0007FED85 /* AppDelegate.swift in Sources */ = {isa = PBXBuildFile; fileRef = 4919C0DA2A4AB4E0007FED85 /* AppDelegate.swift */; };
		4919C0DD2A4AB4E0007FED85 /* SceneDelegate.swift in Sources */ = {isa = PBXBuildFile; fileRef = 4919C0DC2A4AB4E0007FED85 /* SceneDelegate.swift */; };
		4919C0DF2A4AB4E0007FED85 /* FirstViewController.swift in Sources */ = {isa = PBXBuildFile; fileRef = 4919C0DE2A4AB4E0007FED85 /* FirstViewController.swift */; };
		4919C0E22A4AB4E0007FED85 /* Main.storyboard in Resources */ = {isa = PBXBuildFile; fileRef = 4919C0E02A4AB4E0007FED85 /* Main.storyboard */; };
		4919C0E42A4AB4E1007FED85 /* Assets.xcassets in Resources */ = {isa = PBXBuildFile; fileRef = 4919C0E32A4AB4E1007FED85 /* Assets.xcassets */; };
		4919C0E72A4AB4E1007FED85 /* LaunchScreen.storyboard in Resources */ = {isa = PBXBuildFile; fileRef = 4919C0E52A4AB4E1007FED85 /* LaunchScreen.storyboard */; };
		4919C0F02A4AB5E1007FED85 /* SnapKit in Frameworks */ = {isa = PBXBuildFile; productRef = 4919C0EF2A4AB5E1007FED85 /* SnapKit */; };
		4919C0F22A4ABAEC007FED85 /* MainTabBarViewController.swift in Sources */ = {isa = PBXBuildFile; fileRef = 4919C0F12A4ABAEC007FED85 /* MainTabBarViewController.swift */; };
		4919C0F42A4ABBC4007FED85 /* SecondViewController.swift in Sources */ = {isa = PBXBuildFile; fileRef = 4919C0F32A4ABBC4007FED85 /* SecondViewController.swift */; };
		4919C0F62A4ABBD5007FED85 /* ThirdViewController.swift in Sources */ = {isa = PBXBuildFile; fileRef = 4919C0F52A4ABBD5007FED85 /* ThirdViewController.swift */; };
		4919C0F82A4ABBF5007FED85 /* FourthViewController.swift in Sources */ = {isa = PBXBuildFile; fileRef = 4919C0F72A4ABBF5007FED85 /* FourthViewController.swift */; };
/* End PBXBuildFile section */

/* Begin PBXFileReference section */
		4919C0D72A4AB4E0007FED85 /* UIViewAnimations.app */ = {isa = PBXFileReference; explicitFileType = wrapper.application; includeInIndex = 0; path = UIViewAnimations.app; sourceTree = BUILT_PRODUCTS_DIR; };
		4919C0DA2A4AB4E0007FED85 /* AppDelegate.swift */ = {isa = PBXFileReference; lastKnownFileType = sourcecode.swift; path = AppDelegate.swift; sourceTree = "<group>"; };
		4919C0DC2A4AB4E0007FED85 /* SceneDelegate.swift */ = {isa = PBXFileReference; lastKnownFileType = sourcecode.swift; path = SceneDelegate.swift; sourceTree = "<group>"; };
		4919C0DE2A4AB4E0007FED85 /* FirstViewController.swift */ = {isa = PBXFileReference; lastKnownFileType = sourcecode.swift; path = FirstViewController.swift; sourceTree = "<group>"; };
		4919C0E12A4AB4E0007FED85 /* Base */ = {isa = PBXFileReference; lastKnownFileType = file.storyboard; name = Base; path = Base.lproj/Main.storyboard; sourceTree = "<group>"; };
		4919C0E32A4AB4E1007FED85 /* Assets.xcassets */ = {isa = PBXFileReference; lastKnownFileType = folder.assetcatalog; path = Assets.xcassets; sourceTree = "<group>"; };
		4919C0E62A4AB4E1007FED85 /* Base */ = {isa = PBXFileReference; lastKnownFileType = file.storyboard; name = Base; path = Base.lproj/LaunchScreen.storyboard; sourceTree = "<group>"; };
		4919C0E82A4AB4E1007FED85 /* Info.plist */ = {isa = PBXFileReference; lastKnownFileType = text.plist.xml; path = Info.plist; sourceTree = "<group>"; };
		4919C0F12A4ABAEC007FED85 /* MainTabBarViewController.swift */ = {isa = PBXFileReference; lastKnownFileType = sourcecode.swift; path = MainTabBarViewController.swift; sourceTree = "<group>"; };
		4919C0F32A4ABBC4007FED85 /* SecondViewController.swift */ = {isa = PBXFileReference; lastKnownFileType = sourcecode.swift; path = SecondViewController.swift; sourceTree = "<group>"; };
		4919C0F52A4ABBD5007FED85 /* ThirdViewController.swift */ = {isa = PBXFileReference; lastKnownFileType = sourcecode.swift; path = ThirdViewController.swift; sourceTree = "<group>"; };
		4919C0F72A4ABBF5007FED85 /* FourthViewController.swift */ = {isa = PBXFileReference; lastKnownFileType = sourcecode.swift; path = FourthViewController.swift; sourceTree = "<group>"; };
/* End PBXFileReference section */

/* Begin PBXFrameworksBuildPhase section */
		4919C0D42A4AB4E0007FED85 /* Frameworks */ = {
			isa = PBXFrameworksBuildPhase;
			buildActionMask = 2147483647;
			files = (
				4919C0F02A4AB5E1007FED85 /* SnapKit in Frameworks */,
			);
			runOnlyForDeploymentPostprocessing = 0;
		};
/* End PBXFrameworksBuildPhase section */

/* Begin PBXGroup section */
		4919C0CE2A4AB4E0007FED85 = {
			isa = PBXGroup;
			children = (
				4919C0D92A4AB4E0007FED85 /* UIViewAnimations */,
				4919C0D82A4AB4E0007FED85 /* Products */,
			);
			sourceTree = "<group>";
		};
		4919C0D82A4AB4E0007FED85 /* Products */ = {
			isa = PBXGroup;
			children = (
				4919C0D72A4AB4E0007FED85 /* UIViewAnimations.app */,
			);
			name = Products;
			sourceTree = "<group>";
		};
		4919C0D92A4AB4E0007FED85 /* UIViewAnimations */ = {
			isa = PBXGroup;
			children = (
				4919C0DA2A4AB4E0007FED85 /* AppDelegate.swift */,
				4919C0DC2A4AB4E0007FED85 /* SceneDelegate.swift */,
				4919C0E02A4AB4E0007FED85 /* Main.storyboard */,
				4919C0E32A4AB4E1007FED85 /* Assets.xcassets */,
				4919C0E52A4AB4E1007FED85 /* LaunchScreen.storyboard */,
				4919C0E82A4AB4E1007FED85 /* Info.plist */,
				4919C0F12A4ABAEC007FED85 /* MainTabBarViewController.swift */,
				4919C0DE2A4AB4E0007FED85 /* FirstViewController.swift */,
				4919C0F32A4ABBC4007FED85 /* SecondViewController.swift */,
				4919C0F52A4ABBD5007FED85 /* ThirdViewController.swift */,
				4919C0F72A4ABBF5007FED85 /* FourthViewController.swift */,
			);
			path = UIViewAnimations;
			sourceTree = "<group>";
		};
/* End PBXGroup section */

/* Begin PBXNativeTarget section */
		4919C0D62A4AB4E0007FED85 /* UIViewAnimations */ = {
			isa = PBXNativeTarget;
			buildConfigurationList = 4919C0EB2A4AB4E1007FED85 /* Build configuration list for PBXNativeTarget "UIViewAnimations" */;
			buildPhases = (
				4919C0D32A4AB4E0007FED85 /* Sources */,
				4919C0D42A4AB4E0007FED85 /* Frameworks */,
				4919C0D52A4AB4E0007FED85 /* Resources */,
			);
			buildRules = (
			);
			dependencies = (
			);
			name = UIViewAnimations;
			packageProductDependencies = (
				4919C0EF2A4AB5E1007FED85 /* SnapKit */,
			);
			productName = UIViewAnimations;
			productReference = 4919C0D72A4AB4E0007FED85 /* UIViewAnimations.app */;
			productType = "com.apple.product-type.application";
		};
/* End PBXNativeTarget section */

/* Begin PBXProject section */
		4919C0CF2A4AB4E0007FED85 /* Project object */ = {
			isa = PBXProject;
			attributes = {
				BuildIndependentTargetsInParallel = 1;
				LastSwiftUpdateCheck = 1430;
				LastUpgradeCheck = 1430;
				TargetAttributes = {
					4919C0D62A4AB4E0007FED85 = {
						CreatedOnToolsVersion = 14.3.1;
					};
				};
			};
			buildConfigurationList = 4919C0D22A4AB4E0007FED85 /* Build configuration list for PBXProject "UIViewAnimations" */;
			compatibilityVersion = "Xcode 14.0";
			developmentRegion = en;
			hasScannedForEncodings = 0;
			knownRegions = (
				en,
				Base,
			);
			mainGroup = 4919C0CE2A4AB4E0007FED85;
			packageReferences = (
				4919C0EE2A4AB5E1007FED85 /* XCRemoteSwiftPackageReference "SnapKit" */,
			);
			productRefGroup = 4919C0D82A4AB4E0007FED85 /* Products */;
			projectDirPath = "";
			projectRoot = "";
			targets = (
				4919C0D62A4AB4E0007FED85 /* UIViewAnimations */,
			);
		};
/* End PBXProject section */

/* Begin PBXResourcesBuildPhase section */
		4919C0D52A4AB4E0007FED85 /* Resources */ = {
			isa = PBXResourcesBuildPhase;
			buildActionMask = 2147483647;
			files = (
				4919C0E72A4AB4E1007FED85 /* LaunchScreen.storyboard in Resources */,
				4919C0E42A4AB4E1007FED85 /* Assets.xcassets in Resources */,
				4919C0E22A4AB4E0007FED85 /* Main.storyboard in Resources */,
			);
			runOnlyForDeploymentPostprocessing = 0;
		};
/* End PBXResourcesBuildPhase section */

/* Begin PBXSourcesBuildPhase section */
		4919C0D32A4AB4E0007FED85 /* Sources */ = {
			isa = PBXSourcesBuildPhase;
			buildActionMask = 2147483647;
			files = (
				4919C0DF2A4AB4E0007FED85 /* FirstViewController.swift in Sources */,
				4919C0F22A4ABAEC007FED85 /* MainTabBarViewController.swift in Sources */,
				4919C0DB2A4AB4E0007FED85 /* AppDelegate.swift in Sources */,
				4919C0F82A4ABBF5007FED85 /* FourthViewController.swift in Sources */,
				4919C0F42A4ABBC4007FED85 /* SecondViewController.swift in Sources */,
				4919C0F62A4ABBD5007FED85 /* ThirdViewController.swift in Sources */,
				4919C0DD2A4AB4E0007FED85 /* SceneDelegate.swift in Sources */,
			);
			runOnlyForDeploymentPostprocessing = 0;
		};
/* End PBXSourcesBuildPhase section */

/* Begin PBXVariantGroup section */
		4919C0E02A4AB4E0007FED85 /* Main.storyboard */ = {
			isa = PBXVariantGroup;
			children = (
				4919C0E12A4AB4E0007FED85 /* Base */,
			);
			name = Main.storyboard;
			sourceTree = "<group>";
		};
		4919C0E52A4AB4E1007FED85 /* LaunchScreen.storyboard */ = {
			isa = PBXVariantGroup;
			children = (
				4919C0E62A4AB4E1007FED85 /* Base */,
			);
			name = LaunchScreen.storyboard;
			sourceTree = "<group>";
		};
/* End PBXVariantGroup section */

/* Begin XCBuildConfiguration section */
		4919C0E92A4AB4E1007FED85 /* Debug */ = {
			isa = XCBuildConfiguration;
			buildSettings = {
				ALWAYS_SEARCH_USER_PATHS = NO;
				CLANG_ANALYZER_NONNULL = YES;
				CLANG_ANALYZER_NUMBER_OBJECT_CONVERSION = YES_AGGRESSIVE;
				CLANG_CXX_LANGUAGE_STANDARD = "gnu++20";
				CLANG_ENABLE_MODULES = YES;
				CLANG_ENABLE_OBJC_ARC = YES;
				CLANG_ENABLE_OBJC_WEAK = YES;
				CLANG_WARN_BLOCK_CAPTURE_AUTORELEASING = YES;
				CLANG_WARN_BOOL_CONVERSION = YES;
				CLANG_WARN_COMMA = YES;
				CLANG_WARN_CONSTANT_CONVERSION = YES;
				CLANG_WARN_DEPRECATED_OBJC_IMPLEMENTATIONS = YES;
				CLANG_WARN_DIRECT_OBJC_ISA_USAGE = YES_ERROR;
				CLANG_WARN_DOCUMENTATION_COMMENTS = YES;
				CLANG_WARN_EMPTY_BODY = YES;
				CLANG_WARN_ENUM_CONVERSION = YES;
				CLANG_WARN_INFINITE_RECURSION = YES;
				CLANG_WARN_INT_CONVERSION = YES;
				CLANG_WARN_NON_LITERAL_NULL_CONVERSION = YES;
				CLANG_WARN_OBJC_IMPLICIT_RETAIN_SELF = YES;
				CLANG_WARN_OBJC_LITERAL_CONVERSION = YES;
				CLANG_WARN_OBJC_ROOT_CLASS = YES_ERROR;
				CLANG_WARN_QUOTED_INCLUDE_IN_FRAMEWORK_HEADER = YES;
				CLANG_WARN_RANGE_LOOP_ANALYSIS = YES;
				CLANG_WARN_STRICT_PROTOTYPES = YES;
				CLANG_WARN_SUSPICIOUS_MOVE = YES;
				CLANG_WARN_UNGUARDED_AVAILABILITY = YES_AGGRESSIVE;
				CLANG_WARN_UNREACHABLE_CODE = YES;
				CLANG_WARN__DUPLICATE_METHOD_MATCH = YES;
				COPY_PHASE_STRIP = NO;
				DEBUG_INFORMATION_FORMAT = dwarf;
				ENABLE_STRICT_OBJC_MSGSEND = YES;
				ENABLE_TESTABILITY = YES;
				GCC_C_LANGUAGE_STANDARD = gnu11;
				GCC_DYNAMIC_NO_PIC = NO;
				GCC_NO_COMMON_BLOCKS = YES;
				GCC_OPTIMIZATION_LEVEL = 0;
				GCC_PREPROCESSOR_DEFINITIONS = (
					"DEBUG=1",
					"$(inherited)",
				);
				GCC_WARN_64_TO_32_BIT_CONVERSION = YES;
				GCC_WARN_ABOUT_RETURN_TYPE = YES_ERROR;
				GCC_WARN_UNDECLARED_SELECTOR = YES;
				GCC_WARN_UNINITIALIZED_AUTOS = YES_AGGRESSIVE;
				GCC_WARN_UNUSED_FUNCTION = YES;
				GCC_WARN_UNUSED_VARIABLE = YES;
				IPHONEOS_DEPLOYMENT_TARGET = 16.4;
				MTL_ENABLE_DEBUG_INFO = INCLUDE_SOURCE;
				MTL_FAST_MATH = YES;
				ONLY_ACTIVE_ARCH = YES;
				SDKROOT = iphoneos;
				SWIFT_ACTIVE_COMPILATION_CONDITIONS = DEBUG;
				SWIFT_OPTIMIZATION_LEVEL = "-Onone";
			};
			name = Debug;
		};
		4919C0EA2A4AB4E1007FED85 /* Release */ = {
			isa = XCBuildConfiguration;
			buildSettings = {
				ALWAYS_SEARCH_USER_PATHS = NO;
				CLANG_ANALYZER_NONNULL = YES;
				CLANG_ANALYZER_NUMBER_OBJECT_CONVERSION = YES_AGGRESSIVE;
				CLANG_CXX_LANGUAGE_STANDARD = "gnu++20";
				CLANG_ENABLE_MODULES = YES;
				CLANG_ENABLE_OBJC_ARC = YES;
				CLANG_ENABLE_OBJC_WEAK = YES;
				CLANG_WARN_BLOCK_CAPTURE_AUTORELEASING = YES;
				CLANG_WARN_BOOL_CONVERSION = YES;
				CLANG_WARN_COMMA = YES;
				CLANG_WARN_CONSTANT_CONVERSION = YES;
				CLANG_WARN_DEPRECATED_OBJC_IMPLEMENTATIONS = YES;
				CLANG_WARN_DIRECT_OBJC_ISA_USAGE = YES_ERROR;
				CLANG_WARN_DOCUMENTATION_COMMENTS = YES;
				CLANG_WARN_EMPTY_BODY = YES;
				CLANG_WARN_ENUM_CONVERSION = YES;
				CLANG_WARN_INFINITE_RECURSION = YES;
				CLANG_WARN_INT_CONVERSION = YES;
				CLANG_WARN_NON_LITERAL_NULL_CONVERSION = YES;
				CLANG_WARN_OBJC_IMPLICIT_RETAIN_SELF = YES;
				CLANG_WARN_OBJC_LITERAL_CONVERSION = YES;
				CLANG_WARN_OBJC_ROOT_CLASS = YES_ERROR;
				CLANG_WARN_QUOTED_INCLUDE_IN_FRAMEWORK_HEADER = YES;
				CLANG_WARN_RANGE_LOOP_ANALYSIS = YES;
				CLANG_WARN_STRICT_PROTOTYPES = YES;
				CLANG_WARN_SUSPICIOUS_MOVE = YES;
				CLANG_WARN_UNGUARDED_AVAILABILITY = YES_AGGRESSIVE;
				CLANG_WARN_UNREACHABLE_CODE = YES;
				CLANG_WARN__DUPLICATE_METHOD_MATCH = YES;
				COPY_PHASE_STRIP = NO;
				DEBUG_INFORMATION_FORMAT = "dwarf-with-dsym";
				ENABLE_NS_ASSERTIONS = NO;
				ENABLE_STRICT_OBJC_MSGSEND = YES;
				GCC_C_LANGUAGE_STANDARD = gnu11;
				GCC_NO_COMMON_BLOCKS = YES;
				GCC_WARN_64_TO_32_BIT_CONVERSION = YES;
				GCC_WARN_ABOUT_RETURN_TYPE = YES_ERROR;
				GCC_WARN_UNDECLARED_SELECTOR = YES;
				GCC_WARN_UNINITIALIZED_AUTOS = YES_AGGRESSIVE;
				GCC_WARN_UNUSED_FUNCTION = YES;
				GCC_WARN_UNUSED_VARIABLE = YES;
				IPHONEOS_DEPLOYMENT_TARGET = 16.4;
				MTL_ENABLE_DEBUG_INFO = NO;
				MTL_FAST_MATH = YES;
				SDKROOT = iphoneos;
				SWIFT_COMPILATION_MODE = wholemodule;
				SWIFT_OPTIMIZATION_LEVEL = "-O";
				VALIDATE_PRODUCT = YES;
			};
			name = Release;
		};
		4919C0EC2A4AB4E1007FED85 /* Debug */ = {
			isa = XCBuildConfiguration;
			buildSettings = {
				ASSETCATALOG_COMPILER_APPICON_NAME = AppIcon;
				ASSETCATALOG_COMPILER_GLOBAL_ACCENT_COLOR_NAME = AccentColor;
				CODE_SIGN_STYLE = Automatic;
				CURRENT_PROJECT_VERSION = 1;
				DEVELOPMENT_TEAM = 2G8QN9SRVA;
				GENERATE_INFOPLIST_FILE = YES;
				INFOPLIST_FILE = UIViewAnimations/Info.plist;
				INFOPLIST_KEY_UIApplicationSupportsIndirectInputEvents = YES;
				INFOPLIST_KEY_UILaunchStoryboardName = LaunchScreen;
				INFOPLIST_KEY_UISupportedInterfaceOrientations_iPad = "UIInterfaceOrientationPortrait UIInterfaceOrientationPortraitUpsideDown UIInterfaceOrientationLandscapeLeft UIInterfaceOrientationLandscapeRight";
				INFOPLIST_KEY_UISupportedInterfaceOrientations_iPhone = "UIInterfaceOrientationPortrait UIInterfaceOrientationLandscapeLeft UIInterfaceOrientationLandscapeRight";
				LD_RUNPATH_SEARCH_PATHS = (
					"$(inherited)",
					"@executable_path/Frameworks",
				);
				MARKETING_VERSION = 1.0;
				PRODUCT_BUNDLE_IDENTIFIER = com.berkaykuzu.UIViewAnimations;
				PRODUCT_NAME = "$(TARGET_NAME)";
				SWIFT_EMIT_LOC_STRINGS = YES;
				SWIFT_VERSION = 5.0;
				TARGETED_DEVICE_FAMILY = "1,2";
			};
			name = Debug;
		};
		4919C0ED2A4AB4E1007FED85 /* Release */ = {
			isa = XCBuildConfiguration;
			buildSettings = {
				ASSETCATALOG_COMPILER_APPICON_NAME = AppIcon;
				ASSETCATALOG_COMPILER_GLOBAL_ACCENT_COLOR_NAME = AccentColor;
				CODE_SIGN_STYLE = Automatic;
				CURRENT_PROJECT_VERSION = 1;
				DEVELOPMENT_TEAM = 2G8QN9SRVA;
				GENERATE_INFOPLIST_FILE = YES;
				INFOPLIST_FILE = UIViewAnimations/Info.plist;
				INFOPLIST_KEY_UIApplicationSupportsIndirectInputEvents = YES;
				INFOPLIST_KEY_UILaunchStoryboardName = LaunchScreen;
				INFOPLIST_KEY_UISupportedInterfaceOrientations_iPad = "UIInterfaceOrientationPortrait UIInterfaceOrientationPortraitUpsideDown UIInterfaceOrientationLandscapeLeft UIInterfaceOrientationLandscapeRight";
				INFOPLIST_KEY_UISupportedInterfaceOrientations_iPhone = "UIInterfaceOrientationPortrait UIInterfaceOrientationLandscapeLeft UIInterfaceOrientationLandscapeRight";
				LD_RUNPATH_SEARCH_PATHS = (
					"$(inherited)",
					"@executable_path/Frameworks",
				);
				MARKETING_VERSION = 1.0;
				PRODUCT_BUNDLE_IDENTIFIER = com.berkaykuzu.UIViewAnimations;
				PRODUCT_NAME = "$(TARGET_NAME)";
				SWIFT_EMIT_LOC_STRINGS = YES;
				SWIFT_VERSION = 5.0;
				TARGETED_DEVICE_FAMILY = "1,2";
			};
			name = Release;
		};
/* End XCBuildConfiguration section */

/* Begin XCConfigurationList section */
		4919C0D22A4AB4E0007FED85 /* Build configuration list for PBXProject "UIViewAnimations" */ = {
			isa = XCConfigurationList;
			buildConfigurations = (
				4919C0E92A4AB4E1007FED85 /* Debug */,
				4919C0EA2A4AB4E1007FED85 /* Release */,
			);
			defaultConfigurationIsVisible = 0;
			defaultConfigurationName = Release;
		};
		4919C0EB2A4AB4E1007FED85 /* Build configuration list for PBXNativeTarget "UIViewAnimations" */ = {
			isa = XCConfigurationList;
			buildConfigurations = (
				4919C0EC2A4AB4E1007FED85 /* Debug */,
				4919C0ED2A4AB4E1007FED85 /* Release */,
			);
			defaultConfigurationIsVisible = 0;
			defaultConfigurationName = Release;
		};
/* End XCConfigurationList section */

/* Begin XCRemoteSwiftPackageReference section */
		4919C0EE2A4AB5E1007FED85 /* XCRemoteSwiftPackageReference "SnapKit" */ = {
			isa = XCRemoteSwiftPackageReference;
			repositoryURL = "https://github.com/SnapKit/SnapKit.git";
			requirement = {
				kind = upToNextMajorVersion;
				minimumVersion = 5.0.0;
			};
		};
/* End XCRemoteSwiftPackageReference section */

/* Begin XCSwiftPackageProductDependency section */
		4919C0EF2A4AB5E1007FED85 /* SnapKit */ = {
			isa = XCSwiftPackageProductDependency;
			package = 4919C0EE2A4AB5E1007FED85 /* XCRemoteSwiftPackageReference "SnapKit" */;
			productName = SnapKit;
		};
/* End XCSwiftPackageProductDependency section */
	};
	rootObject = 4919C0CF2A4AB4E0007FED85 /* Project object */;
}
