// !$*UTF8*$!
{
	archiveVersion = 1;
	classes = {
	};
	objectVersion = 56;
	objects = {

/* Begin PBXBuildFile section */
		4971D8452A2F6A8C00CE07F3 /* AppDelegate.swift in Sources */ = {isa = PBXBuildFile; fileRef = 4971D8442A2F6A8C00CE07F3 /* AppDelegate.swift */; };
		4971D8472A2F6A8C00CE07F3 /* SceneDelegate.swift in Sources */ = {isa = PBXBuildFile; fileRef = 4971D8462A2F6A8C00CE07F3 /* SceneDelegate.swift */; };
		4971D8492A2F6A8C00CE07F3 /* ViewController.swift in Sources */ = {isa = PBXBuildFile; fileRef = 4971D8482A2F6A8C00CE07F3 /* ViewController.swift */; };
		4971D84E2A2F6A8D00CE07F3 /* Assets.xcassets in Resources */ = {isa = PBXBuildFile; fileRef = 4971D84D2A2F6A8D00CE07F3 /* Assets.xcassets */; };
		4971D8512A2F6A8D00CE07F3 /* LaunchScreen.storyboard in Resources */ = {isa = PBXBuildFile; fileRef = 4971D84F2A2F6A8D00CE07F3 /* LaunchScreen.storyboard */; };
		4971D8592A2F6ADB00CE07F3 /* SecondViewController.swift in Sources */ = {isa = PBXBuildFile; fileRef = 4971D8582A2F6ADB00CE07F3 /* SecondViewController.swift */; };
		498F3C6B2A2FC5F800C33810 /* ThirdViewController.swift in Sources */ = {isa = PBXBuildFile; fileRef = 498F3C6A2A2FC5F800C33810 /* ThirdViewController.swift */; };
		498F3C6D2A2FC62200C33810 /* ForthViewController.swift in Sources */ = {isa = PBXBuildFile; fileRef = 498F3C6C2A2FC62200C33810 /* ForthViewController.swift */; };
		498F3C6F2A2FC62F00C33810 /* FifthViewController.swift in Sources */ = {isa = PBXBuildFile; fileRef = 498F3C6E2A2FC62F00C33810 /* FifthViewController.swift */; };
		7A1ED056B7C91EFA02F7EE84 /* Pods_Pickers.framework in Frameworks */ = {isa = PBXBuildFile; fileRef = BFDEAAFBADC6B35B499B53D3 /* Pods_Pickers.framework */; };
/* End PBXBuildFile section */

/* Begin PBXFileReference section */
		4971D8412A2F6A8C00CE07F3 /* Pickers.app */ = {isa = PBXFileReference; explicitFileType = wrapper.application; includeInIndex = 0; path = Pickers.app; sourceTree = BUILT_PRODUCTS_DIR; };
		4971D8442A2F6A8C00CE07F3 /* AppDelegate.swift */ = {isa = PBXFileReference; lastKnownFileType = sourcecode.swift; path = AppDelegate.swift; sourceTree = "<group>"; };
		4971D8462A2F6A8C00CE07F3 /* SceneDelegate.swift */ = {isa = PBXFileReference; lastKnownFileType = sourcecode.swift; path = SceneDelegate.swift; sourceTree = "<group>"; };
		4971D8482A2F6A8C00CE07F3 /* ViewController.swift */ = {isa = PBXFileReference; lastKnownFileType = sourcecode.swift; path = ViewController.swift; sourceTree = "<group>"; };
		4971D84D2A2F6A8D00CE07F3 /* Assets.xcassets */ = {isa = PBXFileReference; lastKnownFileType = folder.assetcatalog; path = Assets.xcassets; sourceTree = "<group>"; };
		4971D8502A2F6A8D00CE07F3 /* Base */ = {isa = PBXFileReference; lastKnownFileType = file.storyboard; name = Base; path = Base.lproj/LaunchScreen.storyboard; sourceTree = "<group>"; };
		4971D8522A2F6A8D00CE07F3 /* Info.plist */ = {isa = PBXFileReference; lastKnownFileType = text.plist.xml; path = Info.plist; sourceTree = "<group>"; };
		4971D8582A2F6ADB00CE07F3 /* SecondViewController.swift */ = {isa = PBXFileReference; lastKnownFileType = sourcecode.swift; path = SecondViewController.swift; sourceTree = "<group>"; };
		498F3C6A2A2FC5F800C33810 /* ThirdViewController.swift */ = {isa = PBXFileReference; lastKnownFileType = sourcecode.swift; path = ThirdViewController.swift; sourceTree = "<group>"; };
		498F3C6C2A2FC62200C33810 /* ForthViewController.swift */ = {isa = PBXFileReference; lastKnownFileType = sourcecode.swift; path = ForthViewController.swift; sourceTree = "<group>"; };
		498F3C6E2A2FC62F00C33810 /* FifthViewController.swift */ = {isa = PBXFileReference; lastKnownFileType = sourcecode.swift; path = FifthViewController.swift; sourceTree = "<group>"; };
		BFDEAAFBADC6B35B499B53D3 /* Pods_Pickers.framework */ = {isa = PBXFileReference; explicitFileType = wrapper.framework; includeInIndex = 0; path = Pods_Pickers.framework; sourceTree = BUILT_PRODUCTS_DIR; };
		EDFCECD115E3ABE06787A509 /* Pods-Pickers.release.xcconfig */ = {isa = PBXFileReference; includeInIndex = 1; lastKnownFileType = text.xcconfig; name = "Pods-Pickers.release.xcconfig"; path = "Target Support Files/Pods-Pickers/Pods-Pickers.release.xcconfig"; sourceTree = "<group>"; };
		FF2E7E01E52A4DC388C2A8F6 /* Pods-Pickers.debug.xcconfig */ = {isa = PBXFileReference; includeInIndex = 1; lastKnownFileType = text.xcconfig; name = "Pods-Pickers.debug.xcconfig"; path = "Target Support Files/Pods-Pickers/Pods-Pickers.debug.xcconfig"; sourceTree = "<group>"; };
/* End PBXFileReference section */

/* Begin PBXFrameworksBuildPhase section */
		4971D83E2A2F6A8C00CE07F3 /* Frameworks */ = {
			isa = PBXFrameworksBuildPhase;
			buildActionMask = 2147483647;
			files = (
				7A1ED056B7C91EFA02F7EE84 /* Pods_Pickers.framework in Frameworks */,
			);
			runOnlyForDeploymentPostprocessing = 0;
		};
/* End PBXFrameworksBuildPhase section */

/* Begin PBXGroup section */
		161F4E387A42FBC0819682D3 /* Frameworks */ = {
			isa = PBXGroup;
			children = (
				BFDEAAFBADC6B35B499B53D3 /* Pods_Pickers.framework */,
			);
			name = Frameworks;
			sourceTree = "<group>";
		};
		4971D8382A2F6A8C00CE07F3 = {
			isa = PBXGroup;
			children = (
				4971D8432A2F6A8C00CE07F3 /* Pickers */,
				4971D8422A2F6A8C00CE07F3 /* Products */,
				5BBC71A81B7248CEE84E976B /* Pods */,
				161F4E387A42FBC0819682D3 /* Frameworks */,
			);
			sourceTree = "<group>";
		};
		4971D8422A2F6A8C00CE07F3 /* Products */ = {
			isa = PBXGroup;
			children = (
				4971D8412A2F6A8C00CE07F3 /* Pickers.app */,
			);
			name = Products;
			sourceTree = "<group>";
		};
		4971D8432A2F6A8C00CE07F3 /* Pickers */ = {
			isa = PBXGroup;
			children = (
				4971D8442A2F6A8C00CE07F3 /* AppDelegate.swift */,
				4971D8462A2F6A8C00CE07F3 /* SceneDelegate.swift */,
				4971D8482A2F6A8C00CE07F3 /* ViewController.swift */,
				4971D8582A2F6ADB00CE07F3 /* SecondViewController.swift */,
				498F3C6A2A2FC5F800C33810 /* ThirdViewController.swift */,
				498F3C6C2A2FC62200C33810 /* ForthViewController.swift */,
				498F3C6E2A2FC62F00C33810 /* FifthViewController.swift */,
				4971D84D2A2F6A8D00CE07F3 /* Assets.xcassets */,
				4971D84F2A2F6A8D00CE07F3 /* LaunchScreen.storyboard */,
				4971D8522A2F6A8D00CE07F3 /* Info.plist */,
			);
			path = Pickers;
			sourceTree = "<group>";
		};
		5BBC71A81B7248CEE84E976B /* Pods */ = {
			isa = PBXGroup;
			children = (
				FF2E7E01E52A4DC388C2A8F6 /* Pods-Pickers.debug.xcconfig */,
				EDFCECD115E3ABE06787A509 /* Pods-Pickers.release.xcconfig */,
			);
			path = Pods;
			sourceTree = "<group>";
		};
/* End PBXGroup section */

/* Begin PBXNativeTarget section */
		4971D8402A2F6A8C00CE07F3 /* Pickers */ = {
			isa = PBXNativeTarget;
			buildConfigurationList = 4971D8552A2F6A8D00CE07F3 /* Build configuration list for PBXNativeTarget "Pickers" */;
			buildPhases = (
				95CADFC73A35D967F56F8FE0 /* [CP] Check Pods Manifest.lock */,
				4971D83D2A2F6A8C00CE07F3 /* Sources */,
				4971D83E2A2F6A8C00CE07F3 /* Frameworks */,
				4971D83F2A2F6A8C00CE07F3 /* Resources */,
				26825C34225CF914B2A2FF88 /* [CP] Embed Pods Frameworks */,
			);
			buildRules = (
			);
			dependencies = (
			);
			name = Pickers;
			productName = Pickers;
			productReference = 4971D8412A2F6A8C00CE07F3 /* Pickers.app */;
			productType = "com.apple.product-type.application";
		};
/* End PBXNativeTarget section */

/* Begin PBXProject section */
		4971D8392A2F6A8C00CE07F3 /* Project object */ = {
			isa = PBXProject;
			attributes = {
				BuildIndependentTargetsInParallel = 1;
				LastSwiftUpdateCheck = 1430;
				LastUpgradeCheck = 1430;
				TargetAttributes = {
					4971D8402A2F6A8C00CE07F3 = {
						CreatedOnToolsVersion = 14.3;
					};
				};
			};
			buildConfigurationList = 4971D83C2A2F6A8C00CE07F3 /* Build configuration list for PBXProject "Pickers" */;
			compatibilityVersion = "Xcode 14.0";
			developmentRegion = en;
			hasScannedForEncodings = 0;
			knownRegions = (
				en,
				Base,
			);
			mainGroup = 4971D8382A2F6A8C00CE07F3;
			productRefGroup = 4971D8422A2F6A8C00CE07F3 /* Products */;
			projectDirPath = "";
			projectRoot = "";
			targets = (
				4971D8402A2F6A8C00CE07F3 /* Pickers */,
			);
		};
/* End PBXProject section */

/* Begin PBXResourcesBuildPhase section */
		4971D83F2A2F6A8C00CE07F3 /* Resources */ = {
			isa = PBXResourcesBuildPhase;
			buildActionMask = 2147483647;
			files = (
				4971D8512A2F6A8D00CE07F3 /* LaunchScreen.storyboard in Resources */,
				4971D84E2A2F6A8D00CE07F3 /* Assets.xcassets in Resources */,
			);
			runOnlyForDeploymentPostprocessing = 0;
		};
/* End PBXResourcesBuildPhase section */

/* Begin PBXShellScriptBuildPhase section */
		26825C34225CF914B2A2FF88 /* [CP] Embed Pods Frameworks */ = {
			isa = PBXShellScriptBuildPhase;
			buildActionMask = 2147483647;
			files = (
			);
			inputFileListPaths = (
				"${PODS_ROOT}/Target Support Files/Pods-Pickers/Pods-Pickers-frameworks-${CONFIGURATION}-input-files.xcfilelist",
			);
			name = "[CP] Embed Pods Frameworks";
			outputFileListPaths = (
				"${PODS_ROOT}/Target Support Files/Pods-Pickers/Pods-Pickers-frameworks-${CONFIGURATION}-output-files.xcfilelist",
			);
			runOnlyForDeploymentPostprocessing = 0;
			shellPath = /bin/sh;
			shellScript = "\"${PODS_ROOT}/Target Support Files/Pods-Pickers/Pods-Pickers-frameworks.sh\"\n";
			showEnvVarsInLog = 0;
		};
		95CADFC73A35D967F56F8FE0 /* [CP] Check Pods Manifest.lock */ = {
			isa = PBXShellScriptBuildPhase;
			buildActionMask = 2147483647;
			files = (
			);
			inputFileListPaths = (
			);
			inputPaths = (
				"${PODS_PODFILE_DIR_PATH}/Podfile.lock",
				"${PODS_ROOT}/Manifest.lock",
			);
			name = "[CP] Check Pods Manifest.lock";
			outputFileListPaths = (
			);
			outputPaths = (
				"$(DERIVED_FILE_DIR)/Pods-Pickers-checkManifestLockResult.txt",
			);
			runOnlyForDeploymentPostprocessing = 0;
			shellPath = /bin/sh;
			shellScript = "diff \"${PODS_PODFILE_DIR_PATH}/Podfile.lock\" \"${PODS_ROOT}/Manifest.lock\" > /dev/null\nif [ $? != 0 ] ; then\n    # print error to STDERR\n    echo \"error: The sandbox is not in sync with the Podfile.lock. Run 'pod install' or update your CocoaPods installation.\" >&2\n    exit 1\nfi\n# This output is used by Xcode 'outputs' to avoid re-running this script phase.\necho \"SUCCESS\" > \"${SCRIPT_OUTPUT_FILE_0}\"\n";
			showEnvVarsInLog = 0;
		};
/* End PBXShellScriptBuildPhase section */

/* Begin PBXSourcesBuildPhase section */
		4971D83D2A2F6A8C00CE07F3 /* Sources */ = {
			isa = PBXSourcesBuildPhase;
			buildActionMask = 2147483647;
			files = (
				498F3C6D2A2FC62200C33810 /* ForthViewController.swift in Sources */,
				4971D8592A2F6ADB00CE07F3 /* SecondViewController.swift in Sources */,
				4971D8492A2F6A8C00CE07F3 /* ViewController.swift in Sources */,
				498F3C6B2A2FC5F800C33810 /* ThirdViewController.swift in Sources */,
				4971D8452A2F6A8C00CE07F3 /* AppDelegate.swift in Sources */,
				4971D8472A2F6A8C00CE07F3 /* SceneDelegate.swift in Sources */,
				498F3C6F2A2FC62F00C33810 /* FifthViewController.swift in Sources */,
			);
			runOnlyForDeploymentPostprocessing = 0;
		};
/* End PBXSourcesBuildPhase section */

/* Begin PBXVariantGroup section */
		4971D84F2A2F6A8D00CE07F3 /* LaunchScreen.storyboard */ = {
			isa = PBXVariantGroup;
			children = (
				4971D8502A2F6A8D00CE07F3 /* Base */,
			);
			name = LaunchScreen.storyboard;
			sourceTree = "<group>";
		};
/* End PBXVariantGroup section */

/* Begin XCBuildConfiguration section */
		4971D8532A2F6A8D00CE07F3 /* Debug */ = {
			isa = XCBuildConfiguration;
			buildSettings = {
				ALWAYS_SEARCH_USER_PATHS = NO;
				CLANG_ANALYZER_NONNULL = YES;
				CLANG_ANALYZER_NUMBER_OBJECT_CONVERSION = YES_AGGRESSIVE;
				CLANG_CXX_LANGUAGE_STANDARD = "gnu++20";
				CLANG_ENABLE_MODULES = YES;
				CLANG_ENABLE_OBJC_ARC = YES;
				CLANG_ENABLE_OBJC_WEAK = YES;
				CLANG_WARN_BLOCK_CAPTURE_AUTORELEASING = YES;
				CLANG_WARN_BOOL_CONVERSION = YES;
				CLANG_WARN_COMMA = YES;
				CLANG_WARN_CONSTANT_CONVERSION = YES;
				CLANG_WARN_DEPRECATED_OBJC_IMPLEMENTATIONS = YES;
				CLANG_WARN_DIRECT_OBJC_ISA_USAGE = YES_ERROR;
				CLANG_WARN_DOCUMENTATION_COMMENTS = YES;
				CLANG_WARN_EMPTY_BODY = YES;
				CLANG_WARN_ENUM_CONVERSION = YES;
				CLANG_WARN_INFINITE_RECURSION = YES;
				CLANG_WARN_INT_CONVERSION = YES;
				CLANG_WARN_NON_LITERAL_NULL_CONVERSION = YES;
				CLANG_WARN_OBJC_IMPLICIT_RETAIN_SELF = YES;
				CLANG_WARN_OBJC_LITERAL_CONVERSION = YES;
				CLANG_WARN_OBJC_ROOT_CLASS = YES_ERROR;
				CLANG_WARN_QUOTED_INCLUDE_IN_FRAMEWORK_HEADER = YES;
				CLANG_WARN_RANGE_LOOP_ANALYSIS = YES;
				CLANG_WARN_STRICT_PROTOTYPES = YES;
				CLANG_WARN_SUSPICIOUS_MOVE = YES;
				CLANG_WARN_UNGUARDED_AVAILABILITY = YES_AGGRESSIVE;
				CLANG_WARN_UNREACHABLE_CODE = YES;
				CLANG_WARN__DUPLICATE_METHOD_MATCH = YES;
				COPY_PHASE_STRIP = NO;
				DEBUG_INFORMATION_FORMAT = dwarf;
				ENABLE_STRICT_OBJC_MSGSEND = YES;
				ENABLE_TESTABILITY = YES;
				GCC_C_LANGUAGE_STANDARD = gnu11;
				GCC_DYNAMIC_NO_PIC = NO;
				GCC_NO_COMMON_BLOCKS = YES;
				GCC_OPTIMIZATION_LEVEL = 0;
				GCC_PREPROCESSOR_DEFINITIONS = (
					"DEBUG=1",
					"$(inherited)",
				);
				GCC_WARN_64_TO_32_BIT_CONVERSION = YES;
				GCC_WARN_ABOUT_RETURN_TYPE = YES_ERROR;
				GCC_WARN_UNDECLARED_SELECTOR = YES;
				GCC_WARN_UNINITIALIZED_AUTOS = YES_AGGRESSIVE;
				GCC_WARN_UNUSED_FUNCTION = YES;
				GCC_WARN_UNUSED_VARIABLE = YES;
				IPHONEOS_DEPLOYMENT_TARGET = 16.4;
				MTL_ENABLE_DEBUG_INFO = INCLUDE_SOURCE;
				MTL_FAST_MATH = YES;
				ONLY_ACTIVE_ARCH = YES;
				SDKROOT = iphoneos;
				SWIFT_ACTIVE_COMPILATION_CONDITIONS = DEBUG;
				SWIFT_OPTIMIZATION_LEVEL = "-Onone";
			};
			name = Debug;
		};
		4971D8542A2F6A8D00CE07F3 /* Release */ = {
			isa = XCBuildConfiguration;
			buildSettings = {
				ALWAYS_SEARCH_USER_PATHS = NO;
				CLANG_ANALYZER_NONNULL = YES;
				CLANG_ANALYZER_NUMBER_OBJECT_CONVERSION = YES_AGGRESSIVE;
				CLANG_CXX_LANGUAGE_STANDARD = "gnu++20";
				CLANG_ENABLE_MODULES = YES;
				CLANG_ENABLE_OBJC_ARC = YES;
				CLANG_ENABLE_OBJC_WEAK = YES;
				CLANG_WARN_BLOCK_CAPTURE_AUTORELEASING = YES;
				CLANG_WARN_BOOL_CONVERSION = YES;
				CLANG_WARN_COMMA = YES;
				CLANG_WARN_CONSTANT_CONVERSION = YES;
				CLANG_WARN_DEPRECATED_OBJC_IMPLEMENTATIONS = YES;
				CLANG_WARN_DIRECT_OBJC_ISA_USAGE = YES_ERROR;
				CLANG_WARN_DOCUMENTATION_COMMENTS = YES;
				CLANG_WARN_EMPTY_BODY = YES;
				CLANG_WARN_ENUM_CONVERSION = YES;
				CLANG_WARN_INFINITE_RECURSION = YES;
				CLANG_WARN_INT_CONVERSION = YES;
				CLANG_WARN_NON_LITERAL_NULL_CONVERSION = YES;
				CLANG_WARN_OBJC_IMPLICIT_RETAIN_SELF = YES;
				CLANG_WARN_OBJC_LITERAL_CONVERSION = YES;
				CLANG_WARN_OBJC_ROOT_CLASS = YES_ERROR;
				CLANG_WARN_QUOTED_INCLUDE_IN_FRAMEWORK_HEADER = YES;
				CLANG_WARN_RANGE_LOOP_ANALYSIS = YES;
				CLANG_WARN_STRICT_PROTOTYPES = YES;
				CLANG_WARN_SUSPICIOUS_MOVE = YES;
				CLANG_WARN_UNGUARDED_AVAILABILITY = YES_AGGRESSIVE;
				CLANG_WARN_UNREACHABLE_CODE = YES;
				CLANG_WARN__DUPLICATE_METHOD_MATCH = YES;
				COPY_PHASE_STRIP = NO;
				DEBUG_INFORMATION_FORMAT = "dwarf-with-dsym";
				ENABLE_NS_ASSERTIONS = NO;
				ENABLE_STRICT_OBJC_MSGSEND = YES;
				GCC_C_LANGUAGE_STANDARD = gnu11;
				GCC_NO_COMMON_BLOCKS = YES;
				GCC_WARN_64_TO_32_BIT_CONVERSION = YES;
				GCC_WARN_ABOUT_RETURN_TYPE = YES_ERROR;
				GCC_WARN_UNDECLARED_SELECTOR = YES;
				GCC_WARN_UNINITIALIZED_AUTOS = YES_AGGRESSIVE;
				GCC_WARN_UNUSED_FUNCTION = YES;
				GCC_WARN_UNUSED_VARIABLE = YES;
				IPHONEOS_DEPLOYMENT_TARGET = 16.4;
				MTL_ENABLE_DEBUG_INFO = NO;
				MTL_FAST_MATH = YES;
				SDKROOT = iphoneos;
				SWIFT_COMPILATION_MODE = wholemodule;
				SWIFT_OPTIMIZATION_LEVEL = "-O";
				VALIDATE_PRODUCT = YES;
			};
			name = Release;
		};
		4971D8562A2F6A8D00CE07F3 /* Debug */ = {
			isa = XCBuildConfiguration;
			baseConfigurationReference = FF2E7E01E52A4DC388C2A8F6 /* Pods-Pickers.debug.xcconfig */;
			buildSettings = {
				ASSETCATALOG_COMPILER_APPICON_NAME = AppIcon;
				ASSETCATALOG_COMPILER_GLOBAL_ACCENT_COLOR_NAME = AccentColor;
				CODE_SIGN_STYLE = Automatic;
				CURRENT_PROJECT_VERSION = 1;
				DEVELOPMENT_TEAM = 2G8QN9SRVA;
				GENERATE_INFOPLIST_FILE = YES;
				INFOPLIST_FILE = Pickers/Info.plist;
				INFOPLIST_KEY_UIApplicationSupportsIndirectInputEvents = YES;
				INFOPLIST_KEY_UILaunchStoryboardName = LaunchScreen;
				INFOPLIST_KEY_UISupportedInterfaceOrientations_iPad = "UIInterfaceOrientationPortrait UIInterfaceOrientationPortraitUpsideDown UIInterfaceOrientationLandscapeLeft UIInterfaceOrientationLandscapeRight";
				INFOPLIST_KEY_UISupportedInterfaceOrientations_iPhone = "UIInterfaceOrientationPortrait UIInterfaceOrientationLandscapeLeft UIInterfaceOrientationLandscapeRight";
				LD_RUNPATH_SEARCH_PATHS = (
					"$(inherited)",
					"@executable_path/Frameworks",
				);
				MARKETING_VERSION = 1.0;
				PRODUCT_BUNDLE_IDENTIFIER = com.berkaykuzu.Pickers;
				PRODUCT_NAME = "$(TARGET_NAME)";
				SWIFT_EMIT_LOC_STRINGS = YES;
				SWIFT_VERSION = 5.0;
				TARGETED_DEVICE_FAMILY = "1,2";
			};
			name = Debug;
		};
		4971D8572A2F6A8D00CE07F3 /* Release */ = {
			isa = XCBuildConfiguration;
			baseConfigurationReference = EDFCECD115E3ABE06787A509 /* Pods-Pickers.release.xcconfig */;
			buildSettings = {
				ASSETCATALOG_COMPILER_APPICON_NAME = AppIcon;
				ASSETCATALOG_COMPILER_GLOBAL_ACCENT_COLOR_NAME = AccentColor;
				CODE_SIGN_STYLE = Automatic;
				CURRENT_PROJECT_VERSION = 1;
				DEVELOPMENT_TEAM = 2G8QN9SRVA;
				GENERATE_INFOPLIST_FILE = YES;
				INFOPLIST_FILE = Pickers/Info.plist;
				INFOPLIST_KEY_UIApplicationSupportsIndirectInputEvents = YES;
				INFOPLIST_KEY_UILaunchStoryboardName = LaunchScreen;
				INFOPLIST_KEY_UISupportedInterfaceOrientations_iPad = "UIInterfaceOrientationPortrait UIInterfaceOrientationPortraitUpsideDown UIInterfaceOrientationLandscapeLeft UIInterfaceOrientationLandscapeRight";
				INFOPLIST_KEY_UISupportedInterfaceOrientations_iPhone = "UIInterfaceOrientationPortrait UIInterfaceOrientationLandscapeLeft UIInterfaceOrientationLandscapeRight";
				LD_RUNPATH_SEARCH_PATHS = (
					"$(inherited)",
					"@executable_path/Frameworks",
				);
				MARKETING_VERSION = 1.0;
				PRODUCT_BUNDLE_IDENTIFIER = com.berkaykuzu.Pickers;
				PRODUCT_NAME = "$(TARGET_NAME)";
				SWIFT_EMIT_LOC_STRINGS = YES;
				SWIFT_VERSION = 5.0;
				TARGETED_DEVICE_FAMILY = "1,2";
			};
			name = Release;
		};
/* End XCBuildConfiguration section */

/* Begin XCConfigurationList section */
		4971D83C2A2F6A8C00CE07F3 /* Build configuration list for PBXProject "Pickers" */ = {
			isa = XCConfigurationList;
			buildConfigurations = (
				4971D8532A2F6A8D00CE07F3 /* Debug */,
				4971D8542A2F6A8D00CE07F3 /* Release */,
			);
			defaultConfigurationIsVisible = 0;
			defaultConfigurationName = Release;
		};
		4971D8552A2F6A8D00CE07F3 /* Build configuration list for PBXNativeTarget "Pickers" */ = {
			isa = XCConfigurationList;
			buildConfigurations = (
				4971D8562A2F6A8D00CE07F3 /* Debug */,
				4971D8572A2F6A8D00CE07F3 /* Release */,
			);
			defaultConfigurationIsVisible = 0;
			defaultConfigurationName = Release;
		};
/* End XCConfigurationList section */
	};
	rootObject = 4971D8392A2F6A8C00CE07F3 /* Project object */;
}
